{
  "version": 4,
  "terraform_version": "0.13.5",
  "serial": 349,
  "lineage": "5ec37c70-0f33-3726-a939-3f89e5fffea7",
  "outputs": {
    "endpoint": {
      "value": "https://57A3BE0A0ED32D43B0C4331DBB1BBBD8.gr7.us-west-2.eks.amazonaws.com",
      "type": "string"
    },
    "kubeconfig-certificate-authority-data": {
      "value": "LS0tLS1CRUdJTiBDRVJUSUZJQ0FURS0tLS0tCk1JSUN5RENDQWJDZ0F3SUJBZ0lCQURBTkJna3Foa2lHOXcwQkFRc0ZBREFWTVJNd0VRWURWUVFERXdwcmRXSmwKY201bGRHVnpNQjRYRFRJd01USXlPREE1TWpJeE9Wb1hEVE13TVRJeU5qQTVNakl4T1Zvd0ZURVRNQkVHQTFVRQpBeE1LYTNWaVpYSnVaWFJsY3pDQ0FTSXdEUVlKS29aSWh2Y05BUUVCQlFBRGdnRVBBRENDQVFvQ2dnRUJBTUMyCnJWNTNlZHo4RjZwbmFHWEh0ZkN0RHNKNFQ2N0RURDRiMzVuU2xWL1BzZWluS2wrSjYyNkZSQi9acEJDNE1xV0MKUXptd012U1RWUDl3ejcrQkhNQnY1VW10SjZaTVVCWGlqOTFldlhWNHBqVDV2WGVwT1hRemxmOVNtTU5BVUtWSwpIeUZFWVVzSWVJcUFrSThZdEdhekVCTjBiYndVL1N1MnRvZUFQdFFFWmVRMnJwWTBQVkdOelZkMWtEdys2YzRsClpPVHVmajl0bVN1RTdLQkFwZ2hVRG5zdzZCOGY2dEtObWNhTnJZREQ1SlpjYnFVNmUwdVZVdFBvQUVUV2hjRlQKSHVHRUl4L01nL25zTWsrMHBseVlrNGpjMXFIZm9uejU5V2dlNkFMeGdjckZBK1RZVEpTTVJYck9NMmVQK1VIaQpaL0xCSTVtRzNMc3VZRTJqa0VjQ0F3RUFBYU1qTUNFd0RnWURWUjBQQVFIL0JBUURBZ0trTUE4R0ExVWRFd0VCCi93UUZNQU1CQWY4d0RRWUpLb1pJaHZjTkFRRUxCUUFEZ2dFQkFBSTFSaWM3VzFveU1JQkFuN093RFVUZjVhNzcKMGtwUzY1aTAvRFNWZmN3N0xrM0g4UVJWelU1QWtUY3dWbkc3VSsrdEdwRmp2bWpQNDVnL28vengyVmdXdDBYeQpYRWlxcVRMamdvWFpSbTlkYi9nMGduTGlFZWF2anY5cUVYMllJYm96SS84L090blJ0aEdRTmF0ak15eUxBTTM2ClVubnlEalZIUjVsZk1HYTNpaHRiUDg4eW5KQWdCajU3ZWx5Rk52dmVoaTB5cWNoYmJIaE1ialprRjIyNmhhQUMKSlEzTXB4MHhDODlaY1FJSGpUWE1UUjFEK1JKWjFIdVJVL0pEM2g2THAwckNQUll0V040cTFITmEzVlR2VFd0Wgpzc2xiWTNEOStCejFCVzJVaXlZeElCeENMRHlET201amY2eGZ2NERsNGlWWFA1RWk0NEZsUksrYnBNQT0KLS0tLS1FTkQgQ0VSVElGSUNBVEUtLS0tLQo=",
      "type": "string"
    }
  },
  "resources": [
    {
      "mode": "data",
      "type": "aws_availability_zones",
      "name": "available",
      "provider": "provider[\"registry.terraform.io/hashicorp/aws\"]",
      "instances": [
        {
          "schema_version": 0,
          "attributes": {
            "all_availability_zones": null,
            "exclude_names": null,
            "exclude_zone_ids": null,
            "filter": null,
            "group_names": [
              "us-west-2"
            ],
            "id": "us-west-2",
            "names": [
              "us-west-2a",
              "us-west-2b",
              "us-west-2c",
              "us-west-2d"
            ],
            "state": "available",
            "zone_ids": [
              "usw2-az1",
              "usw2-az2",
              "usw2-az3",
              "usw2-az4"
            ]
          }
        }
      ]
    },
    {
      "mode": "data",
      "type": "aws_eks_cluster_auth",
      "name": "qa_cluster_auth",
      "provider": "provider[\"registry.terraform.io/hashicorp/aws\"]",
      "instances": [
        {
          "schema_version": 0,
          "attributes": {
            "id": "qa_cluster",
            "name": "qa_cluster",
            "token": "k8s-aws-v1.aHR0cHM6Ly9zdHMuYW1hem9uYXdzLmNvbS8_QWN0aW9uPUdldENhbGxlcklkZW50aXR5JlZlcnNpb249MjAxMS0wNi0xNSZYLUFtei1BbGdvcml0aG09QVdTNC1ITUFDLVNIQTI1NiZYLUFtei1DcmVkZW50aWFsPUFLSUFaSjRRWVU2TU9QSTRaTTJHJTJGMjAyMDEyMjglMkZ1cy1lYXN0LTElMkZzdHMlMkZhd3M0X3JlcXVlc3QmWC1BbXotRGF0ZT0yMDIwMTIyOFQyMTMyMTlaJlgtQW16LUV4cGlyZXM9MCZYLUFtei1TaWduZWRIZWFkZXJzPWhvc3QlM0J4LWs4cy1hd3MtaWQmWC1BbXotU2lnbmF0dXJlPWQzZDIwNWY5YzI0ZDFkYWM3M2Q2ZmU5Y2I3Mjk4NzFlMGU5ZmFiNjdkZmE0ZDU4ZDQxOTA3MTlkNWIzN2IwYjE"
          }
        }
      ]
    },
    {
      "mode": "data",
      "type": "aws_iam_user",
      "name": "username_ruslan",
      "provider": "provider[\"registry.terraform.io/hashicorp/aws\"]",
      "instances": [
        {
          "schema_version": 0,
          "attributes": {
            "arn": "arn:aws:iam::639716861848:user/ruslan",
            "id": "AIDAZJ4QYU6MOW6BM4IXE",
            "path": "/",
            "permissions_boundary": "",
            "user_id": "AIDAZJ4QYU6MOW6BM4IXE",
            "user_name": "ruslan"
          }
        }
      ]
    },
    {
      "mode": "data",
      "type": "aws_security_groups",
      "name": "cb_sg",
      "provider": "provider[\"registry.terraform.io/hashicorp/aws\"]",
      "instances": [
        {
          "schema_version": 0,
          "attributes": {
            "filter": [
              {
                "name": "group-name",
                "values": [
                  "default"
                ]
              },
              {
                "name": "vpc-id",
                "values": [
                  "vpc-0ae129824673f5f2f"
                ]
              }
            ],
            "id": "us-west-2",
            "ids": [
              "sg-0993f4d8e44a560a6"
            ],
            "tags": null,
            "vpc_ids": [
              "vpc-0ae129824673f5f2f"
            ]
          }
        }
      ]
    },
    {
      "mode": "managed",
      "type": "aws_codebuild_project",
      "name": "spa",
      "provider": "provider[\"registry.terraform.io/hashicorp/aws\"]",
      "instances": [
        {
          "schema_version": 0,
          "attributes": {
            "arn": "arn:aws:codebuild:us-west-2:639716861848:project/spa",
            "artifacts": [
              {
                "artifact_identifier": "",
                "encryption_disabled": false,
                "location": "",
                "name": "spa",
                "namespace_type": "",
                "override_artifact_name": false,
                "packaging": "NONE",
                "path": "",
                "type": "CODEPIPELINE"
              }
            ],
            "badge_enabled": false,
            "badge_url": "",
            "build_timeout": 60,
            "cache": [
              {
                "location": "",
                "modes": [],
                "type": "NO_CACHE"
              }
            ],
            "description": "",
            "encryption_key": "arn:aws:kms:us-west-2:639716861848:alias/aws/s3",
            "environment": [
              {
                "certificate": "",
                "compute_type": "BUILD_GENERAL1_SMALL",
                "environment_variable": [],
                "image": "aws/codebuild/standard:2.0",
                "image_pull_credentials_type": "CODEBUILD",
                "privileged_mode": true,
                "registry_credential": [],
                "type": "LINUX_CONTAINER"
              }
            ],
            "id": "arn:aws:codebuild:us-west-2:639716861848:project/spa",
            "logs_config": [
              {
                "cloudwatch_logs": [
                  {
                    "group_name": "log-group",
                    "status": "ENABLED",
                    "stream_name": "log-stream"
                  }
                ],
                "s3_logs": [
                  {
                    "encryption_disabled": false,
                    "location": "",
                    "status": "DISABLED"
                  }
                ]
              }
            ],
            "name": "spa",
            "queued_timeout": 480,
            "secondary_artifacts": [],
            "secondary_sources": [],
            "service_role": "arn:aws:iam::639716861848:role/terraform-20201227183540543200000001",
            "source": [
              {
                "auth": [],
                "buildspec": "version: 0.2\n\nphases:\n  install:\n    runtime-versions:\n      docker: 18\n  pre_build:\n    commands:\n      - echo Logging in to Amazon ECR...\n      - $(aws ecr get-login --region $AWS_DEFAULT_REGION --no-include-email)\n      - ECR_REPO_URI=172.20.204.102:5000/spa\n      - echo $CODEBUILD_RESOLVED_SOURCE_VERSION\n      - COMMIT_HASH=$(echo $CODEBUILD_RESOLVED_SOURCE_VERSION | cut -c 1-7)\n      - echo $COMMIT_HASH\n      - git config --global user.name \"Silame83\"\n      - git config --global user.email \"silame83@gmail.com\"\n      - git config --global http.postBuffer 157286400\n      - IMAGE_TAG=commitid-$COMMIT_HASH\n      - echo $IMAGE_TAG\n  build:\n    commands:\n      - echo Build started on `date`\n      - echo Building the Docker image...\n      - docker build -t $ECR_REPO_URI:qa .\n      - docker tag $ECR_REPO_URI:qa $ECR_REPO_URI:$IMAGE_TAG\n  post_build:\n    commands:\n      - echo Build completed on `date`\n      - echo Pushing the Docker images...\n      - docker push $ECR_REPO_URI:$IMAGE_TAG\n      - echo Writing image definitions file...\n      - printf '[{\"name\":\"api-container\",\"imageUri\":\"%s\"}]' $ECR_REPO_URI:$IMAGE_TAG \u003e imagedefinitions.json\nartifacts:\n  files:\n      - imagedefinitions.json\n  discard-paths: yes\n",
                "git_clone_depth": 0,
                "git_submodules_config": [],
                "insecure_ssl": false,
                "location": "https://github.com/Silame83/simple-python-app.git",
                "report_build_status": false,
                "type": "CODEPIPELINE"
              }
            ],
            "source_version": "master",
            "tags": {
              "Environment": "QA"
            },
            "vpc_config": [
              {
                "security_group_ids": [
                  "sg-0993f4d8e44a560a6"
                ],
                "subnets": [
                  "subnet-01a85916ecfa553d8",
                  "subnet-0419141d53e486ff5",
                  "subnet-048ff47fc3c7fd2d1"
                ],
                "vpc_id": "vpc-0ae129824673f5f2f"
              }
            ]
          },
          "private": "bnVsbA==",
          "dependencies": [
            "aws_eks_cluster.qa_cluster",
            "aws_eks_node_group.qa_cluster_node",
            "aws_iam_role.cb_iam_role",
            "aws_subnet.PrivateSubnetA",
            "aws_subnet.PrivateSubnetB",
            "aws_subnet.PrivateSubnetC",
            "aws_vpc.stage_qa",
            "data.aws_security_groups.cb_sg"
          ]
        }
      ]
    },
    {
      "mode": "managed",
      "type": "aws_codebuild_source_credential",
      "name": "cb_sc",
      "provider": "provider[\"registry.terraform.io/hashicorp/aws\"]",
      "instances": [
        {
          "schema_version": 0,
          "attributes": {
            "arn": "arn:aws:codebuild:us-west-2:639716861848:token/github",
            "auth_type": "PERSONAL_ACCESS_TOKEN",
            "id": "arn:aws:codebuild:us-west-2:639716861848:token/github",
            "server_type": "GITHUB",
            "token": "6ba2575cc829b0172c749f103d12626ff23c6738",
            "user_name": null
          },
          "private": "bnVsbA=="
        }
      ]
    },
    {
      "mode": "managed",
      "type": "aws_codepipeline",
      "name": "cp",
      "provider": "provider[\"registry.terraform.io/hashicorp/aws\"]",
      "instances": [
        {
          "schema_version": 0,
          "attributes": {
            "arn": "arn:aws:codepipeline:us-west-2:639716861848:spa-deploy",
            "artifact_store": [
              {
                "encryption_key": [],
                "location": "sp-app-bckt",
                "region": "",
                "type": "S3"
              }
            ],
            "id": "spa-deploy",
            "name": "spa-deploy",
            "role_arn": "arn:aws:iam::639716861848:role/cp_role",
            "stage": [
              {
                "action": [
                  {
                    "category": "Source",
                    "configuration": {
                      "Branch": "master",
                      "OAuthToken": "hash-cf42eb23cf2ee77c23c49050ce7b77a7ad6463d7a00519d59dec832f02c7cf6d",
                      "Owner": "Silame83",
                      "Repo": "simple-python-app"
                    },
                    "input_artifacts": [],
                    "name": "Source",
                    "namespace": "",
                    "output_artifacts": [
                      "source_output"
                    ],
                    "owner": "ThirdParty",
                    "provider": "GitHub",
                    "region": "us-west-2",
                    "role_arn": "",
                    "run_order": 1,
                    "version": "1"
                  }
                ],
                "name": "Source"
              },
              {
                "action": [
                  {
                    "category": "Build",
                    "configuration": {
                      "ProjectName": "spa"
                    },
                    "input_artifacts": [
                      "source_output"
                    ],
                    "name": "Build",
                    "namespace": "",
                    "output_artifacts": [
                      "build_output"
                    ],
                    "owner": "AWS",
                    "provider": "CodeBuild",
                    "region": "",
                    "role_arn": "",
                    "run_order": 1,
                    "version": "1"
                  }
                ],
                "name": "Build"
              }
            ],
            "tags": {}
          },
          "private": "bnVsbA==",
          "dependencies": [
            "aws_codebuild_project.spa",
            "aws_eks_cluster.qa_cluster",
            "aws_eks_node_group.qa_cluster_node",
            "aws_iam_role.cb_iam_role",
            "aws_iam_role.cp_role",
            "aws_s3_bucket.spa_bucket",
            "aws_subnet.PrivateSubnetA",
            "aws_subnet.PrivateSubnetB",
            "aws_subnet.PrivateSubnetC",
            "aws_vpc.stage_qa",
            "data.aws_eks_cluster_auth.qa_cluster_auth",
            "data.aws_security_groups.cb_sg",
            "kubernetes_stateful_set.local_repo"
          ]
        }
      ]
    },
    {
      "mode": "managed",
      "type": "aws_codepipeline_webhook",
      "name": "cp_webhook",
      "provider": "provider[\"registry.terraform.io/hashicorp/aws\"]",
      "instances": [
        {
          "schema_version": 0,
          "attributes": {
            "authentication": "GITHUB_HMAC",
            "authentication_configuration": [
              {
                "allowed_ip_range": "",
                "secret_token": "6ba2575cc829b0172c749f103d12626ff23c6738"
              }
            ],
            "filter": [
              {
                "json_path": "$.ref",
                "match_equals": "refs/heads/{Branch}"
              }
            ],
            "id": "arn:aws:codepipeline:us-west-2:639716861848:webhook:cp_webhook",
            "name": "cp_webhook",
            "tags": {},
            "target_action": "Source",
            "target_pipeline": "spa-deploy",
            "url": "https://us-west-2.webhooks.aws/trigger?t=eyJlbmNyeXB0ZWREYXRhIjoiUmlnYVJYLzM5NmlHRy92WGFwWFUwMGQrc3RLV3hyckluTFNXSDFIR2dqYnNUQmU2elplc0h3ZWV2bCs3RTNuSkdlY2RScU90aWZBRlAzd3lOQTdlS2FKc1U5RDZEUldTVnlHS0s0YTY1aHc0d01HSHBUT3JZVUJtRjAzbkNGNjRYdTIzVjBNVVJvV2hZaVNWd01sY0I0VTRaeDk1NzVpb3R6cGJQaEZQWi9BZHhnPT0iLCJpdlBhcmFtZXRlclNwZWMiOiJMbllsN2w4NUVHWGErS0VXIiwibWF0ZXJpYWxTZXRTZXJpYWwiOjF9\u0026v=1"
          },
          "private": "bnVsbA==",
          "dependencies": [
            "aws_codebuild_project.spa",
            "aws_codebuild_source_credential.cb_sc",
            "aws_codepipeline.cp",
            "aws_eks_cluster.qa_cluster",
            "aws_eks_node_group.qa_cluster_node",
            "aws_iam_role.cb_iam_role",
            "aws_iam_role.cp_role",
            "aws_s3_bucket.spa_bucket",
            "aws_subnet.PrivateSubnetA",
            "aws_subnet.PrivateSubnetB",
            "aws_subnet.PrivateSubnetC",
            "aws_vpc.stage_qa",
            "data.aws_eks_cluster_auth.qa_cluster_auth",
            "data.aws_security_groups.cb_sg",
            "kubernetes_stateful_set.local_repo"
          ]
        }
      ]
    },
    {
      "mode": "managed",
      "type": "aws_eip",
      "name": "NAT_IP",
      "provider": "provider[\"registry.terraform.io/hashicorp/aws\"]",
      "instances": [
        {
          "schema_version": 0,
          "attributes": {
            "allocation_id": null,
            "associate_with_private_ip": null,
            "association_id": "eipassoc-0ff1b3c3a8b1c8085",
            "carrier_ip": "",
            "customer_owned_ip": "",
            "customer_owned_ipv4_pool": "",
            "domain": "vpc",
            "id": "eipalloc-0bfd048e38c09a923",
            "instance": "",
            "network_border_group": "us-west-2",
            "network_interface": "eni-02a22358f6c9e8780",
            "private_dns": "ip-10-30-255-40.us-west-2.compute.internal",
            "private_ip": "10.30.255.40",
            "public_dns": "ec2-44-236-194-144.us-west-2.compute.amazonaws.com",
            "public_ip": "44.236.194.144",
            "public_ipv4_pool": "amazon",
            "tags": {
              "Env": "QA",
              "Name": "NAT IP for NAT Gateway"
            },
            "timeouts": null,
            "vpc": true
          },
          "private": "eyJlMmJmYjczMC1lY2FhLTExZTYtOGY4OC0zNDM2M2JjN2M0YzAiOnsiZGVsZXRlIjoxODAwMDAwMDAwMDAsInJlYWQiOjkwMDAwMDAwMDAwMCwidXBkYXRlIjozMDAwMDAwMDAwMDB9fQ=="
        }
      ]
    },
    {
      "mode": "managed",
      "type": "aws_eks_cluster",
      "name": "qa_cluster",
      "provider": "provider[\"registry.terraform.io/hashicorp/aws\"]",
      "instances": [
        {
          "schema_version": 0,
          "attributes": {
            "arn": "arn:aws:eks:us-west-2:639716861848:cluster/qa_cluster",
            "certificate_authority": [
              {
                "data": "LS0tLS1CRUdJTiBDRVJUSUZJQ0FURS0tLS0tCk1JSUN5RENDQWJDZ0F3SUJBZ0lCQURBTkJna3Foa2lHOXcwQkFRc0ZBREFWTVJNd0VRWURWUVFERXdwcmRXSmwKY201bGRHVnpNQjRYRFRJd01USXlPREE1TWpJeE9Wb1hEVE13TVRJeU5qQTVNakl4T1Zvd0ZURVRNQkVHQTFVRQpBeE1LYTNWaVpYSnVaWFJsY3pDQ0FTSXdEUVlKS29aSWh2Y05BUUVCQlFBRGdnRVBBRENDQVFvQ2dnRUJBTUMyCnJWNTNlZHo4RjZwbmFHWEh0ZkN0RHNKNFQ2N0RURDRiMzVuU2xWL1BzZWluS2wrSjYyNkZSQi9acEJDNE1xV0MKUXptd012U1RWUDl3ejcrQkhNQnY1VW10SjZaTVVCWGlqOTFldlhWNHBqVDV2WGVwT1hRemxmOVNtTU5BVUtWSwpIeUZFWVVzSWVJcUFrSThZdEdhekVCTjBiYndVL1N1MnRvZUFQdFFFWmVRMnJwWTBQVkdOelZkMWtEdys2YzRsClpPVHVmajl0bVN1RTdLQkFwZ2hVRG5zdzZCOGY2dEtObWNhTnJZREQ1SlpjYnFVNmUwdVZVdFBvQUVUV2hjRlQKSHVHRUl4L01nL25zTWsrMHBseVlrNGpjMXFIZm9uejU5V2dlNkFMeGdjckZBK1RZVEpTTVJYck9NMmVQK1VIaQpaL0xCSTVtRzNMc3VZRTJqa0VjQ0F3RUFBYU1qTUNFd0RnWURWUjBQQVFIL0JBUURBZ0trTUE4R0ExVWRFd0VCCi93UUZNQU1CQWY4d0RRWUpLb1pJaHZjTkFRRUxCUUFEZ2dFQkFBSTFSaWM3VzFveU1JQkFuN093RFVUZjVhNzcKMGtwUzY1aTAvRFNWZmN3N0xrM0g4UVJWelU1QWtUY3dWbkc3VSsrdEdwRmp2bWpQNDVnL28vengyVmdXdDBYeQpYRWlxcVRMamdvWFpSbTlkYi9nMGduTGlFZWF2anY5cUVYMllJYm96SS84L090blJ0aEdRTmF0ak15eUxBTTM2ClVubnlEalZIUjVsZk1HYTNpaHRiUDg4eW5KQWdCajU3ZWx5Rk52dmVoaTB5cWNoYmJIaE1ialprRjIyNmhhQUMKSlEzTXB4MHhDODlaY1FJSGpUWE1UUjFEK1JKWjFIdVJVL0pEM2g2THAwckNQUll0V040cTFITmEzVlR2VFd0Wgpzc2xiWTNEOStCejFCVzJVaXlZeElCeENMRHlET201amY2eGZ2NERsNGlWWFA1RWk0NEZsUksrYnBNQT0KLS0tLS1FTkQgQ0VSVElGSUNBVEUtLS0tLQo="
              }
            ],
            "created_at": "2020-12-28 09:15:27.387 +0000 UTC",
            "enabled_cluster_log_types": [],
            "encryption_config": [],
            "endpoint": "https://57A3BE0A0ED32D43B0C4331DBB1BBBD8.gr7.us-west-2.eks.amazonaws.com",
            "id": "qa_cluster",
            "identity": [
              {
                "oidc": [
                  {
                    "issuer": "https://oidc.eks.us-west-2.amazonaws.com/id/57A3BE0A0ED32D43B0C4331DBB1BBBD8"
                  }
                ]
              }
            ],
            "kubernetes_network_config": [
              {
                "service_ipv4_cidr": "172.20.0.0/16"
              }
            ],
            "name": "qa_cluster",
            "platform_version": "eks.3",
            "role_arn": "arn:aws:iam::639716861848:role/eks-cluster-qa",
            "status": "ACTIVE",
            "tags": {},
            "timeouts": null,
            "version": "1.18",
            "vpc_config": [
              {
                "cluster_security_group_id": "sg-08287cc323b123eb4",
                "endpoint_private_access": false,
                "endpoint_public_access": true,
                "public_access_cidrs": [
                  "0.0.0.0/0"
                ],
                "security_group_ids": [],
                "subnet_ids": [
                  "subnet-0449a447b5c9d2f7e",
                  "subnet-0b7cd930211b4490b"
                ],
                "vpc_id": "vpc-0ae129824673f5f2f"
              }
            ]
          },
          "private": "eyJlMmJmYjczMC1lY2FhLTExZTYtOGY4OC0zNDM2M2JjN2M0YzAiOnsiY3JlYXRlIjoxODAwMDAwMDAwMDAwLCJkZWxldGUiOjkwMDAwMDAwMDAwMCwidXBkYXRlIjozNjAwMDAwMDAwMDAwfX0=",
          "dependencies": [
            "aws_iam_role.qa_cluster_iam_role",
            "aws_iam_role_policy_attachment.qa_cluster-AmazonEKSClusterPolicy",
            "aws_subnet.PublicSubnetA",
            "aws_subnet.PublicSubnetC",
            "aws_vpc.stage_qa"
          ]
        }
      ]
    },
    {
      "mode": "managed",
      "type": "aws_eks_node_group",
      "name": "qa_cluster_node",
      "provider": "provider[\"registry.terraform.io/hashicorp/aws\"]",
      "instances": [
        {
          "schema_version": 0,
          "attributes": {
            "ami_type": "AL2_x86_64",
            "arn": "arn:aws:eks:us-west-2:639716861848:nodegroup/qa_cluster/qa_cluster_node/4ebb5475-b77a-25d6-11ce-2e906de7b6e8",
            "capacity_type": "ON_DEMAND",
            "cluster_name": "qa_cluster",
            "disk_size": 20,
            "force_update_version": null,
            "id": "qa_cluster:qa_cluster_node",
            "instance_types": [
              "t3.xlarge"
            ],
            "labels": {},
            "launch_template": [],
            "node_group_name": "qa_cluster_node",
            "node_role_arn": "arn:aws:iam::639716861848:role/eks-node-group-qa_cluster",
            "release_version": "1.18.9-20201211",
            "remote_access": [
              {
                "ec2_ssh_key": "qa",
                "source_security_group_ids": []
              }
            ],
            "resources": [
              {
                "autoscaling_groups": [
                  {
                    "name": "eks-4ebb5475-b77a-25d6-11ce-2e906de7b6e8"
                  }
                ],
                "remote_access_security_group_id": "sg-047922483a9f3a988"
              }
            ],
            "scaling_config": [
              {
                "desired_size": 2,
                "max_size": 4,
                "min_size": 2
              }
            ],
            "status": "ACTIVE",
            "subnet_ids": [
              "subnet-04ba5c110d99f4673"
            ],
            "tags": {},
            "timeouts": null,
            "version": "1.18"
          },
          "private": "eyJlMmJmYjczMC1lY2FhLTExZTYtOGY4OC0zNDM2M2JjN2M0YzAiOnsiY3JlYXRlIjozNjAwMDAwMDAwMDAwLCJkZWxldGUiOjM2MDAwMDAwMDAwMDAsInVwZGF0ZSI6MzYwMDAwMDAwMDAwMH19",
          "dependencies": [
            "aws_eks_cluster.qa_cluster",
            "aws_iam_role.qa_cluster_iam_eks-node-group",
            "aws_iam_role_policy_attachment.qa_cluster-AmazonEC2ContainerRegistryReadOnly",
            "aws_iam_role_policy_attachment.qa_cluster-AmazonEKSWorkerNodePolicy",
            "aws_iam_role_policy_attachment.qa_cluster-AmazonEKS_CNI_Policy",
            "aws_subnet.PublicSubnetB"
          ]
        }
      ]
    },
    {
      "mode": "managed",
      "type": "aws_iam_role",
      "name": "cb_iam_role",
      "provider": "provider[\"registry.terraform.io/hashicorp/aws\"]",
      "instances": [
        {
          "schema_version": 0,
          "attributes": {
            "arn": "arn:aws:iam::639716861848:role/terraform-20201227183540543200000001",
            "assume_role_policy": "{\"Version\":\"2012-10-17\",\"Statement\":[{\"Effect\":\"Allow\",\"Principal\":{\"Service\":\"codebuild.amazonaws.com\"},\"Action\":\"sts:AssumeRole\"}]}",
            "create_date": "2020-12-27T18:35:41Z",
            "description": "",
            "force_detach_policies": false,
            "id": "terraform-20201227183540543200000001",
            "max_session_duration": 3600,
            "name": "terraform-20201227183540543200000001",
            "name_prefix": null,
            "path": "/",
            "permissions_boundary": null,
            "tags": {},
            "unique_id": "AROAZJ4QYU6MAEZPEGNIS"
          },
          "private": "bnVsbA=="
        }
      ]
    },
    {
      "mode": "managed",
      "type": "aws_iam_role",
      "name": "cp_role",
      "provider": "provider[\"registry.terraform.io/hashicorp/aws\"]",
      "instances": [
        {
          "schema_version": 0,
          "attributes": {
            "arn": "arn:aws:iam::639716861848:role/cp_role",
            "assume_role_policy": "{\"Version\":\"2012-10-17\",\"Statement\":[{\"Effect\":\"Allow\",\"Principal\":{\"Service\":\"codepipeline.amazonaws.com\"},\"Action\":\"sts:AssumeRole\"}]}",
            "create_date": "2020-12-27T18:35:41Z",
            "description": "",
            "force_detach_policies": false,
            "id": "cp_role",
            "max_session_duration": 3600,
            "name": "cp_role",
            "name_prefix": null,
            "path": "/",
            "permissions_boundary": null,
            "tags": {},
            "unique_id": "AROAZJ4QYU6MMYQLZFHC5"
          },
          "private": "bnVsbA=="
        }
      ]
    },
    {
      "mode": "managed",
      "type": "aws_iam_role",
      "name": "qa_cluster_iam_eks-node-group",
      "provider": "provider[\"registry.terraform.io/hashicorp/aws\"]",
      "instances": [
        {
          "schema_version": 0,
          "attributes": {
            "arn": "arn:aws:iam::639716861848:role/eks-node-group-qa_cluster",
            "assume_role_policy": "{\"Version\":\"2012-10-17\",\"Statement\":[{\"Effect\":\"Allow\",\"Principal\":{\"Service\":\"ec2.amazonaws.com\"},\"Action\":\"sts:AssumeRole\"}]}",
            "create_date": "2020-12-27T18:35:41Z",
            "description": "",
            "force_detach_policies": false,
            "id": "eks-node-group-qa_cluster",
            "max_session_duration": 3600,
            "name": "eks-node-group-qa_cluster",
            "name_prefix": null,
            "path": "/",
            "permissions_boundary": null,
            "tags": {},
            "unique_id": "AROAZJ4QYU6MGC7UM2FRH"
          },
          "private": "bnVsbA=="
        }
      ]
    },
    {
      "mode": "managed",
      "type": "aws_iam_role",
      "name": "qa_cluster_iam_role",
      "provider": "provider[\"registry.terraform.io/hashicorp/aws\"]",
      "instances": [
        {
          "schema_version": 0,
          "attributes": {
            "arn": "arn:aws:iam::639716861848:role/eks-cluster-qa",
            "assume_role_policy": "{\"Version\":\"2012-10-17\",\"Statement\":[{\"Effect\":\"Allow\",\"Principal\":{\"Service\":\"eks.amazonaws.com\"},\"Action\":\"sts:AssumeRole\"}]}",
            "create_date": "2020-12-27T18:35:41Z",
            "description": "",
            "force_detach_policies": false,
            "id": "eks-cluster-qa",
            "max_session_duration": 3600,
            "name": "eks-cluster-qa",
            "name_prefix": null,
            "path": "/",
            "permissions_boundary": null,
            "tags": {},
            "unique_id": "AROAZJ4QYU6MEM2O73ETA"
          },
          "private": "bnVsbA=="
        }
      ]
    },
    {
      "mode": "managed",
      "type": "aws_iam_role_policy",
      "name": "cb_iam_role",
      "provider": "provider[\"registry.terraform.io/hashicorp/aws\"]",
      "instances": [
        {
          "schema_version": 0,
          "attributes": {
            "id": "terraform-20201227183540543200000001:terraform-20201227183729992900000006",
            "name": "terraform-20201227183729992900000006",
            "name_prefix": null,
            "policy": "{\n  \"Version\": \"2012-10-17\",\n  \"Statement\": [\n    {\n      \"Action\": [\n        \"ssm:DescribeParameters\"\n      ],\n      \"Resource\": \"*\",\n      \"Effect\": \"Allow\"\n    },\n    {\n      \"Action\": [\n        \"ssm:GetParameters\"\n      ],\n      \"Resource\": \"arn:aws:ssm:us-west-2:639716861848:parameter/*\",\n      \"Effect\": \"Allow\"\n    },\n    {\n      \"Effect\": \"Allow\",\n      \"Action\": [\n        \"ecr:GetAuthorizationToken\",\n        \"ecr:BatchCheckLayerAvailability\",\n        \"ecr:GetDownloadUrlForLayer\",\n        \"ecr:GetRepositoryPolicy\",\n        \"ecr:DescribeRepositories\",\n        \"ecr:ListImages\",\n        \"ecr:DescribeImages\",\n        \"ecr:BatchGetImage\",\n        \"ecr:GetLifecyclePolicy\",\n        \"ecr:GetLifecyclePolicyPreview\",\n        \"ecr:ListTagsForResource\",\n        \"ecr:DescribeImageScanFindings\",\n        \"ecr:InitiateLayerUpload\",\n        \"ecr:UploadLayerPart\",\n        \"ecr:CompleteLayerUpload\",\n        \"ecr:PutImage\"\n      ],\n      \"Resource\": \"*\"\n    },\n    {\n      \"Effect\": \"Allow\",\n      \"Resource\": [\n        \"*\"\n      ],\n      \"Action\": [\n        \"logs:CreateLogGroup\",\n        \"logs:CreateLogStream\",\n        \"logs:PutLogEvents\"\n      ]\n    },\n    {\n      \"Effect\": \"Allow\",\n      \"Action\": [\n        \"ec2:CreateNetworkInterface\",\n        \"ec2:DescribeDhcpOptions\",\n        \"ec2:DescribeNetworkInterfaces\",\n        \"ec2:DeleteNetworkInterface\",\n        \"ec2:DescribeSubnets\",\n        \"ec2:DescribeSecurityGroups\",\n        \"ec2:DescribeVpcs\"\n      ],\n      \"Resource\": \"*\"\n    },\n    {\n      \"Effect\": \"Allow\",\n      \"Action\": [\n        \"ec2:CreateNetworkInterfacePermission\"\n      ],\n      \"Resource\": [\n        \"arn:aws:ec2:us-west-2:639716861848:network-interface/*\"\n      ],\n      \"Condition\": {\n        \"StringEquals\": {\n          \"ec2:Subnet\": [\n            \"arn:aws:ec2:us-west-2:639716861848:subnet/subnet-01a85916ecfa553d8\",\n            \"arn:aws:ec2:us-west-2:639716861848:subnet/subnet-048ff47fc3c7fd2d1\",\n            \"arn:aws:ec2:us-west-2:639716861848:subnet/subnet-0419141d53e486ff5\"\n          ],\n          \"ec2:AuthorizedService\": \"codebuild.amazonaws.com\"\n        }\n      }\n    },\n    {\n      \"Sid\": \"S3AccessPolicy\",\n      \"Effect\": \"Allow\",\n      \"Action\": [\n        \"s3:CreateBucket\",\n        \"s3:GetObject\",\n        \"s3:List*\",\n        \"s3:PutObject\"\n      ],\n      \"Resource\": \"*\"\n    }\n  ]\n}\n",
            "role": "terraform-20201227183540543200000001"
          },
          "private": "bnVsbA==",
          "dependencies": [
            "aws_eip.NAT_IP",
            "aws_iam_role.cb_iam_role",
            "aws_nat_gateway.NATGW",
            "aws_subnet.NATSubnet",
            "aws_subnet.PrivateSubnetA",
            "aws_subnet.PrivateSubnetB",
            "aws_subnet.PrivateSubnetC",
            "aws_vpc.stage_qa",
            "data.aws_availability_zones.available"
          ]
        }
      ]
    },
    {
      "mode": "managed",
      "type": "aws_iam_role_policy",
      "name": "cp_policy",
      "provider": "provider[\"registry.terraform.io/hashicorp/aws\"]",
      "instances": [
        {
          "schema_version": 0,
          "attributes": {
            "id": "cp_role:cp_policy",
            "name": "cp_policy",
            "name_prefix": null,
            "policy": "{\n  \"Version\": \"2012-10-17\",\n  \"Statement\": [\n    {\n      \"Effect\":\"Allow\",\n      \"Action\": [\n        \"s3:ListBucket\",\n        \"s3:GetObject\",\n        \"s3:GetObjectVersion\",\n        \"s3:GetBucketVersioning\",\n        \"s3:GetBucketAcl\",\n        \"s3:GetBucketLocation\",\n        \"s3:PutObject\"\n      ],\n      \"Resource\": [\n        \"arn:aws:s3:::sp-app-bckt\",\n        \"arn:aws:s3:::sp-app-bckt/*\"\n      ]\n    },\n    {\n      \"Effect\": \"Allow\",\n      \"Action\": [\n        \"eks:DescribeNodegroup\",\n        \"eks:ListNodegroups\",\n        \"eks:DescribeCluster\",\n        \"eks:ListClusters\",\n        \"eks:AccessKubernetesApi\",\n        \"ssm:GetParameter\",\n        \"eks:ListUpdates\",\n        \"eks:ListFargateProfiles\"\n      ],\n      \"Resource\": \"*\"\n    },\n    {\n      \"Effect\": \"Allow\",\n      \"Action\": [\n        \"codebuild:BatchGetBuilds\",\n        \"codebuild:StartBuild\"\n      ],\n      \"Resource\": \"*\"\n    },\n    {\n      \"Effect\": \"Allow\",\n      \"Action\": \"ecs:*\",\n      \"Resource\": \"*\"\n    }\n  ]\n}\n",
            "role": "cp_role"
          },
          "private": "bnVsbA==",
          "dependencies": [
            "aws_iam_role.cp_role",
            "aws_s3_bucket.spa_bucket"
          ]
        }
      ]
    },
    {
      "mode": "managed",
      "type": "aws_iam_role_policy_attachment",
      "name": "qa_cluster-AmazonEC2ContainerRegistryReadOnly",
      "provider": "provider[\"registry.terraform.io/hashicorp/aws\"]",
      "instances": [
        {
          "schema_version": 0,
          "attributes": {
            "id": "eks-node-group-qa_cluster-20201227183542755200000004",
            "policy_arn": "arn:aws:iam::aws:policy/AmazonEC2ContainerRegistryReadOnly",
            "role": "eks-node-group-qa_cluster"
          },
          "private": "bnVsbA==",
          "dependencies": [
            "aws_iam_role.qa_cluster_iam_eks-node-group"
          ]
        }
      ]
    },
    {
      "mode": "managed",
      "type": "aws_iam_role_policy_attachment",
      "name": "qa_cluster-AmazonEKSClusterPolicy",
      "provider": "provider[\"registry.terraform.io/hashicorp/aws\"]",
      "instances": [
        {
          "schema_version": 0,
          "attributes": {
            "id": "eks-cluster-qa-20201227183542709400000002",
            "policy_arn": "arn:aws:iam::aws:policy/AmazonEKSClusterPolicy",
            "role": "eks-cluster-qa"
          },
          "private": "bnVsbA==",
          "dependencies": [
            "aws_iam_role.qa_cluster_iam_role"
          ]
        }
      ]
    },
    {
      "mode": "managed",
      "type": "aws_iam_role_policy_attachment",
      "name": "qa_cluster-AmazonEKSWorkerNodePolicy",
      "provider": "provider[\"registry.terraform.io/hashicorp/aws\"]",
      "instances": [
        {
          "schema_version": 0,
          "attributes": {
            "id": "eks-node-group-qa_cluster-20201227183542802700000005",
            "policy_arn": "arn:aws:iam::aws:policy/AmazonEKSWorkerNodePolicy",
            "role": "eks-node-group-qa_cluster"
          },
          "private": "bnVsbA==",
          "dependencies": [
            "aws_iam_role.qa_cluster_iam_eks-node-group"
          ]
        }
      ]
    },
    {
      "mode": "managed",
      "type": "aws_iam_role_policy_attachment",
      "name": "qa_cluster-AmazonEKS_CNI_Policy",
      "provider": "provider[\"registry.terraform.io/hashicorp/aws\"]",
      "instances": [
        {
          "schema_version": 0,
          "attributes": {
            "id": "eks-node-group-qa_cluster-20201227183542716000000003",
            "policy_arn": "arn:aws:iam::aws:policy/AmazonEKS_CNI_Policy",
            "role": "eks-node-group-qa_cluster"
          },
          "private": "bnVsbA==",
          "dependencies": [
            "aws_iam_role.qa_cluster_iam_eks-node-group"
          ]
        }
      ]
    },
    {
      "mode": "managed",
      "type": "aws_iam_user_ssh_key",
      "name": "ruslan_ssh_key",
      "provider": "provider[\"registry.terraform.io/hashicorp/aws\"]",
      "instances": [
        {
          "schema_version": 0,
          "attributes": {
            "encoding": "SSH",
            "fingerprint": "da:57:ff:bc:28:5b:ee:74:3a:a1:5c:d0:ca:76:5c:db",
            "id": "APKAZJ4QYU6MGKU5434M",
            "public_key": "ssh-rsa AAAAB3NzaC1yc2EAAAADAQABAAABgQC5mIg4gFJxlVTyLuuNSuNx1xQ6LB74TIqoC5ZLCCFtz68jX1/thLqh6mAQH4EJP2qP+X69TqDtaeWABpjTPCsTWfLXXrhyufVZKZ20p/PQAE2ZuwGyKAcZjYWG875zt1jLC/T0zv07ahzk2t6WRTiCsjvw5BoWB6rd/8RlpR5m/a6WwsI9wa0Yhpj67xsfG5pClVAuclBkpN5MpdDgdXuvDLPS3mVYFg8H/9ITXhUiU/oP+swC/zw6yMhCS6eueXfihqH/JbCBe8vzDC8MBwCqqCDVNtf0XShDIlxyzMQDvtHnvm/OEimsVdrs5eaMs9TPSLOfenIVXTbXiyAfT6iy3rcasJp0E0cXE6ZppcuIPOZdzqqOp1qTX1A+zo4jy+PMqrTTYJQM2W5UlJu04bq4Ylz9rmvVp9H2d4pIPt8hDOHAfvK3dg/ggu65w64JLPiXv8pl61i6DEbhw5KbfrLbDNegBQplbU0kgar4m5SR/+d1xHmZCJ7i4GRB9CpxmS8=",
            "ssh_public_key_id": "APKAZJ4QYU6MGKU5434M",
            "status": "Active",
            "username": "ruslan"
          },
          "private": "bnVsbA==",
          "dependencies": [
            "data.aws_iam_user.username_ruslan"
          ]
        }
      ]
    },
    {
      "mode": "managed",
      "type": "aws_internet_gateway",
      "name": "IGW",
      "provider": "provider[\"registry.terraform.io/hashicorp/aws\"]",
      "instances": [
        {
          "schema_version": 0,
          "attributes": {
            "arn": "arn:aws:ec2:us-west-2:639716861848:internet-gateway/igw-03215186077d24b6b",
            "id": "igw-03215186077d24b6b",
            "owner_id": "639716861848",
            "tags": {
              "Env": "QA",
              "Name": "Internet Gateway"
            },
            "vpc_id": "vpc-0ae129824673f5f2f"
          },
          "private": "bnVsbA==",
          "dependencies": [
            "aws_vpc.stage_qa"
          ]
        }
      ]
    },
    {
      "mode": "managed",
      "type": "aws_nat_gateway",
      "name": "NATGW",
      "provider": "provider[\"registry.terraform.io/hashicorp/aws\"]",
      "instances": [
        {
          "schema_version": 0,
          "attributes": {
            "allocation_id": "eipalloc-0bfd048e38c09a923",
            "id": "nat-0f137c4b687627b73",
            "network_interface_id": "eni-02a22358f6c9e8780",
            "private_ip": "10.30.255.40",
            "public_ip": "44.236.194.144",
            "subnet_id": "subnet-03255208287e1b2ba",
            "tags": {
              "Env": "QA",
              "Name": "NAT Gateway"
            }
          },
          "private": "bnVsbA==",
          "dependencies": [
            "aws_eip.NAT_IP",
            "aws_subnet.NATSubnet",
            "aws_vpc.stage_qa",
            "data.aws_availability_zones.available"
          ]
        }
      ]
    },
    {
      "mode": "managed",
      "type": "aws_route_table",
      "name": "NATRT",
      "provider": "provider[\"registry.terraform.io/hashicorp/aws\"]",
      "instances": [
        {
          "schema_version": 0,
          "attributes": {
            "id": "rtb-0645a8bbd4c7d8275",
            "owner_id": "639716861848",
            "propagating_vgws": [],
            "route": [
              {
                "cidr_block": "0.0.0.0/0",
                "egress_only_gateway_id": "",
                "gateway_id": "",
                "instance_id": "",
                "ipv6_cidr_block": "",
                "local_gateway_id": "",
                "nat_gateway_id": "nat-0f137c4b687627b73",
                "network_interface_id": "",
                "transit_gateway_id": "",
                "vpc_endpoint_id": "",
                "vpc_peering_connection_id": ""
              }
            ],
            "tags": {
              "Env": "QA",
              "Name": "NAT RT Subnet"
            },
            "vpc_id": "vpc-0ae129824673f5f2f"
          },
          "private": "bnVsbA==",
          "dependencies": [
            "aws_eip.NAT_IP",
            "aws_nat_gateway.NATGW",
            "aws_subnet.NATSubnet",
            "aws_vpc.stage_qa",
            "data.aws_availability_zones.available"
          ]
        }
      ]
    },
    {
      "mode": "managed",
      "type": "aws_route_table",
      "name": "PublicRT",
      "provider": "provider[\"registry.terraform.io/hashicorp/aws\"]",
      "instances": [
        {
          "schema_version": 0,
          "attributes": {
            "id": "rtb-0bbab37430ecb7b95",
            "owner_id": "639716861848",
            "propagating_vgws": [],
            "route": [
              {
                "cidr_block": "0.0.0.0/0",
                "egress_only_gateway_id": "",
                "gateway_id": "igw-03215186077d24b6b",
                "instance_id": "",
                "ipv6_cidr_block": "",
                "local_gateway_id": "",
                "nat_gateway_id": "",
                "network_interface_id": "",
                "transit_gateway_id": "",
                "vpc_endpoint_id": "",
                "vpc_peering_connection_id": ""
              }
            ],
            "tags": {
              "Env": "QA",
              "Name": "Public RT"
            },
            "vpc_id": "vpc-0ae129824673f5f2f"
          },
          "private": "bnVsbA==",
          "dependencies": [
            "aws_internet_gateway.IGW",
            "aws_vpc.stage_qa"
          ]
        }
      ]
    },
    {
      "mode": "managed",
      "type": "aws_route_table_association",
      "name": "NATRTAssignA",
      "provider": "provider[\"registry.terraform.io/hashicorp/aws\"]",
      "instances": [
        {
          "schema_version": 0,
          "attributes": {
            "gateway_id": null,
            "id": "rtbassoc-002cff3e4b1fb8f64",
            "route_table_id": "rtb-0645a8bbd4c7d8275",
            "subnet_id": "subnet-01a85916ecfa553d8"
          },
          "private": "bnVsbA==",
          "dependencies": [
            "aws_eip.NAT_IP",
            "aws_nat_gateway.NATGW",
            "aws_route_table.NATRT",
            "aws_subnet.NATSubnet",
            "aws_subnet.PrivateSubnetA",
            "aws_vpc.stage_qa",
            "data.aws_availability_zones.available"
          ]
        }
      ]
    },
    {
      "mode": "managed",
      "type": "aws_route_table_association",
      "name": "NATRTAssignB",
      "provider": "provider[\"registry.terraform.io/hashicorp/aws\"]",
      "instances": [
        {
          "schema_version": 0,
          "attributes": {
            "gateway_id": null,
            "id": "rtbassoc-027f86c51fe6d886c",
            "route_table_id": "rtb-0645a8bbd4c7d8275",
            "subnet_id": "subnet-048ff47fc3c7fd2d1"
          },
          "private": "bnVsbA==",
          "dependencies": [
            "aws_eip.NAT_IP",
            "aws_nat_gateway.NATGW",
            "aws_route_table.NATRT",
            "aws_subnet.NATSubnet",
            "aws_subnet.PrivateSubnetB",
            "aws_vpc.stage_qa",
            "data.aws_availability_zones.available"
          ]
        }
      ]
    },
    {
      "mode": "managed",
      "type": "aws_route_table_association",
      "name": "NATRTAssignC",
      "provider": "provider[\"registry.terraform.io/hashicorp/aws\"]",
      "instances": [
        {
          "schema_version": 0,
          "attributes": {
            "gateway_id": null,
            "id": "rtbassoc-0e6fdc83b727a2d49",
            "route_table_id": "rtb-0645a8bbd4c7d8275",
            "subnet_id": "subnet-0419141d53e486ff5"
          },
          "private": "bnVsbA==",
          "dependencies": [
            "aws_eip.NAT_IP",
            "aws_nat_gateway.NATGW",
            "aws_route_table.NATRT",
            "aws_subnet.NATSubnet",
            "aws_subnet.PrivateSubnetC",
            "aws_vpc.stage_qa",
            "data.aws_availability_zones.available"
          ]
        }
      ]
    },
    {
      "mode": "managed",
      "type": "aws_route_table_association",
      "name": "NATSubnetAssign",
      "provider": "provider[\"registry.terraform.io/hashicorp/aws\"]",
      "instances": [
        {
          "schema_version": 0,
          "attributes": {
            "gateway_id": null,
            "id": "rtbassoc-08d95a6c8d99a66ce",
            "route_table_id": "rtb-0bbab37430ecb7b95",
            "subnet_id": "subnet-03255208287e1b2ba"
          },
          "private": "bnVsbA==",
          "dependencies": [
            "aws_internet_gateway.IGW",
            "aws_route_table.PublicRT",
            "aws_subnet.NATSubnet",
            "aws_vpc.stage_qa",
            "data.aws_availability_zones.available"
          ]
        }
      ]
    },
    {
      "mode": "managed",
      "type": "aws_route_table_association",
      "name": "PublicRTAssignA",
      "provider": "provider[\"registry.terraform.io/hashicorp/aws\"]",
      "instances": [
        {
          "schema_version": 0,
          "attributes": {
            "gateway_id": null,
            "id": "rtbassoc-0fd6b6110754109fd",
            "route_table_id": "rtb-0bbab37430ecb7b95",
            "subnet_id": "subnet-0b7cd930211b4490b"
          },
          "private": "bnVsbA==",
          "dependencies": [
            "aws_internet_gateway.IGW",
            "aws_route_table.PublicRT",
            "aws_subnet.PublicSubnetA",
            "aws_vpc.stage_qa",
            "data.aws_availability_zones.available"
          ]
        }
      ]
    },
    {
      "mode": "managed",
      "type": "aws_route_table_association",
      "name": "PublicRTAssignB",
      "provider": "provider[\"registry.terraform.io/hashicorp/aws\"]",
      "instances": [
        {
          "schema_version": 0,
          "attributes": {
            "gateway_id": null,
            "id": "rtbassoc-0c1a7fdd4dcb6b8e2",
            "route_table_id": "rtb-0bbab37430ecb7b95",
            "subnet_id": "subnet-04ba5c110d99f4673"
          },
          "private": "bnVsbA==",
          "dependencies": [
            "aws_eks_cluster.qa_cluster",
            "aws_iam_role.qa_cluster_iam_role",
            "aws_iam_role_policy_attachment.qa_cluster-AmazonEKSClusterPolicy",
            "aws_internet_gateway.IGW",
            "aws_route_table.PublicRT",
            "aws_security_group.EKSCluster",
            "aws_subnet.PublicSubnetA",
            "aws_subnet.PublicSubnetB",
            "aws_subnet.PublicSubnetC",
            "aws_vpc.stage_qa",
            "data.aws_availability_zones.available"
          ]
        }
      ]
    },
    {
      "mode": "managed",
      "type": "aws_route_table_association",
      "name": "PublicRTAssignC",
      "provider": "provider[\"registry.terraform.io/hashicorp/aws\"]",
      "instances": [
        {
          "schema_version": 0,
          "attributes": {
            "gateway_id": null,
            "id": "rtbassoc-0828d86aacd0e0a35",
            "route_table_id": "rtb-0bbab37430ecb7b95",
            "subnet_id": "subnet-0449a447b5c9d2f7e"
          },
          "private": "bnVsbA==",
          "dependencies": [
            "aws_internet_gateway.IGW",
            "aws_route_table.PublicRT",
            "aws_subnet.PublicSubnetC",
            "aws_vpc.stage_qa",
            "data.aws_availability_zones.available"
          ]
        }
      ]
    },
    {
      "mode": "managed",
      "type": "aws_s3_bucket",
      "name": "spa_bucket",
      "provider": "provider[\"registry.terraform.io/hashicorp/aws\"]",
      "instances": [
        {
          "schema_version": 0,
          "attributes": {
            "acceleration_status": "",
            "acl": "private",
            "arn": "arn:aws:s3:::sp-app-bckt",
            "bucket": "sp-app-bckt",
            "bucket_domain_name": "sp-app-bckt.s3.amazonaws.com",
            "bucket_prefix": null,
            "bucket_regional_domain_name": "sp-app-bckt.s3.us-west-2.amazonaws.com",
            "cors_rule": [],
            "force_destroy": false,
            "grant": [],
            "hosted_zone_id": "Z3BJ6K6RIION7M",
            "id": "sp-app-bckt",
            "lifecycle_rule": [],
            "logging": [],
            "object_lock_configuration": [],
            "policy": null,
            "region": "us-west-2",
            "replication_configuration": [],
            "request_payer": "BucketOwner",
            "server_side_encryption_configuration": [],
            "tags": {},
            "versioning": [
              {
                "enabled": false,
                "mfa_delete": false
              }
            ],
            "website": [],
            "website_domain": null,
            "website_endpoint": null
          },
          "private": "bnVsbA=="
        }
      ]
    },
    {
      "mode": "managed",
      "type": "aws_subnet",
      "name": "MongoSubnet",
      "provider": "provider[\"registry.terraform.io/hashicorp/aws\"]",
      "instances": [
        {
          "schema_version": 1,
          "attributes": {
            "arn": "arn:aws:ec2:us-west-2:639716861848:subnet/subnet-0e56da62e27c59ffb",
            "assign_ipv6_address_on_creation": false,
            "availability_zone": "us-west-2c",
            "availability_zone_id": "usw2-az3",
            "cidr_block": "10.30.250.0/24",
            "id": "subnet-0e56da62e27c59ffb",
            "ipv6_cidr_block": "",
            "ipv6_cidr_block_association_id": "",
            "map_public_ip_on_launch": false,
            "outpost_arn": "",
            "owner_id": "639716861848",
            "tags": {
              "Env": "QA",
              "Name": "Mongo Subnet"
            },
            "timeouts": null,
            "vpc_id": "vpc-0ae129824673f5f2f"
          },
          "private": "eyJlMmJmYjczMC1lY2FhLTExZTYtOGY4OC0zNDM2M2JjN2M0YzAiOnsiY3JlYXRlIjo2MDAwMDAwMDAwMDAsImRlbGV0ZSI6MTIwMDAwMDAwMDAwMH0sInNjaGVtYV92ZXJzaW9uIjoiMSJ9",
          "dependencies": [
            "aws_vpc.stage_qa",
            "data.aws_availability_zones.available"
          ]
        }
      ]
    },
    {
      "mode": "managed",
      "type": "aws_subnet",
      "name": "NATSubnet",
      "provider": "provider[\"registry.terraform.io/hashicorp/aws\"]",
      "instances": [
        {
          "schema_version": 1,
          "attributes": {
            "arn": "arn:aws:ec2:us-west-2:639716861848:subnet/subnet-03255208287e1b2ba",
            "assign_ipv6_address_on_creation": false,
            "availability_zone": "us-west-2c",
            "availability_zone_id": "usw2-az3",
            "cidr_block": "10.30.255.0/24",
            "id": "subnet-03255208287e1b2ba",
            "ipv6_cidr_block": "",
            "ipv6_cidr_block_association_id": "",
            "map_public_ip_on_launch": false,
            "outpost_arn": "",
            "owner_id": "639716861848",
            "tags": {
              "Env": "QA",
              "Name": "NAT Subnet"
            },
            "timeouts": null,
            "vpc_id": "vpc-0ae129824673f5f2f"
          },
          "private": "eyJlMmJmYjczMC1lY2FhLTExZTYtOGY4OC0zNDM2M2JjN2M0YzAiOnsiY3JlYXRlIjo2MDAwMDAwMDAwMDAsImRlbGV0ZSI6MTIwMDAwMDAwMDAwMH0sInNjaGVtYV92ZXJzaW9uIjoiMSJ9",
          "dependencies": [
            "aws_vpc.stage_qa",
            "data.aws_availability_zones.available"
          ]
        }
      ]
    },
    {
      "mode": "managed",
      "type": "aws_subnet",
      "name": "PrivateSubnetA",
      "provider": "provider[\"registry.terraform.io/hashicorp/aws\"]",
      "instances": [
        {
          "schema_version": 1,
          "attributes": {
            "arn": "arn:aws:ec2:us-west-2:639716861848:subnet/subnet-01a85916ecfa553d8",
            "assign_ipv6_address_on_creation": false,
            "availability_zone": "us-west-2a",
            "availability_zone_id": "usw2-az1",
            "cidr_block": "10.30.10.0/24",
            "id": "subnet-01a85916ecfa553d8",
            "ipv6_cidr_block": "",
            "ipv6_cidr_block_association_id": "",
            "map_public_ip_on_launch": false,
            "outpost_arn": "",
            "owner_id": "639716861848",
            "tags": {
              "Env": "QA",
              "Name": "Private Subnet A"
            },
            "timeouts": null,
            "vpc_id": "vpc-0ae129824673f5f2f"
          },
          "private": "eyJlMmJmYjczMC1lY2FhLTExZTYtOGY4OC0zNDM2M2JjN2M0YzAiOnsiY3JlYXRlIjo2MDAwMDAwMDAwMDAsImRlbGV0ZSI6MTIwMDAwMDAwMDAwMH0sInNjaGVtYV92ZXJzaW9uIjoiMSJ9",
          "dependencies": [
            "aws_eip.NAT_IP",
            "aws_nat_gateway.NATGW",
            "aws_subnet.NATSubnet",
            "aws_vpc.stage_qa",
            "data.aws_availability_zones.available"
          ]
        }
      ]
    },
    {
      "mode": "managed",
      "type": "aws_subnet",
      "name": "PrivateSubnetB",
      "provider": "provider[\"registry.terraform.io/hashicorp/aws\"]",
      "instances": [
        {
          "schema_version": 1,
          "attributes": {
            "arn": "arn:aws:ec2:us-west-2:639716861848:subnet/subnet-048ff47fc3c7fd2d1",
            "assign_ipv6_address_on_creation": false,
            "availability_zone": "us-west-2b",
            "availability_zone_id": "usw2-az2",
            "cidr_block": "10.30.11.0/24",
            "id": "subnet-048ff47fc3c7fd2d1",
            "ipv6_cidr_block": "",
            "ipv6_cidr_block_association_id": "",
            "map_public_ip_on_launch": false,
            "outpost_arn": "",
            "owner_id": "639716861848",
            "tags": {
              "Env": "QA",
              "Name": "Private Subnet B"
            },
            "timeouts": null,
            "vpc_id": "vpc-0ae129824673f5f2f"
          },
          "private": "eyJlMmJmYjczMC1lY2FhLTExZTYtOGY4OC0zNDM2M2JjN2M0YzAiOnsiY3JlYXRlIjo2MDAwMDAwMDAwMDAsImRlbGV0ZSI6MTIwMDAwMDAwMDAwMH0sInNjaGVtYV92ZXJzaW9uIjoiMSJ9",
          "dependencies": [
            "aws_eip.NAT_IP",
            "aws_nat_gateway.NATGW",
            "aws_subnet.NATSubnet",
            "aws_vpc.stage_qa",
            "data.aws_availability_zones.available"
          ]
        }
      ]
    },
    {
      "mode": "managed",
      "type": "aws_subnet",
      "name": "PrivateSubnetC",
      "provider": "provider[\"registry.terraform.io/hashicorp/aws\"]",
      "instances": [
        {
          "schema_version": 1,
          "attributes": {
            "arn": "arn:aws:ec2:us-west-2:639716861848:subnet/subnet-0419141d53e486ff5",
            "assign_ipv6_address_on_creation": false,
            "availability_zone": "us-west-2c",
            "availability_zone_id": "usw2-az3",
            "cidr_block": "10.30.12.0/24",
            "id": "subnet-0419141d53e486ff5",
            "ipv6_cidr_block": "",
            "ipv6_cidr_block_association_id": "",
            "map_public_ip_on_launch": false,
            "outpost_arn": "",
            "owner_id": "639716861848",
            "tags": {
              "Env": "QA",
              "Name": "Private Subnet C"
            },
            "timeouts": null,
            "vpc_id": "vpc-0ae129824673f5f2f"
          },
          "private": "eyJlMmJmYjczMC1lY2FhLTExZTYtOGY4OC0zNDM2M2JjN2M0YzAiOnsiY3JlYXRlIjo2MDAwMDAwMDAwMDAsImRlbGV0ZSI6MTIwMDAwMDAwMDAwMH0sInNjaGVtYV92ZXJzaW9uIjoiMSJ9",
          "dependencies": [
            "aws_eip.NAT_IP",
            "aws_nat_gateway.NATGW",
            "aws_subnet.NATSubnet",
            "aws_vpc.stage_qa",
            "data.aws_availability_zones.available"
          ]
        }
      ]
    },
    {
      "mode": "managed",
      "type": "aws_subnet",
      "name": "PublicSubnetA",
      "provider": "provider[\"registry.terraform.io/hashicorp/aws\"]",
      "instances": [
        {
          "schema_version": 1,
          "attributes": {
            "arn": "arn:aws:ec2:us-west-2:639716861848:subnet/subnet-0b7cd930211b4490b",
            "assign_ipv6_address_on_creation": false,
            "availability_zone": "us-west-2a",
            "availability_zone_id": "usw2-az1",
            "cidr_block": "10.30.0.0/24",
            "id": "subnet-0b7cd930211b4490b",
            "ipv6_cidr_block": "",
            "ipv6_cidr_block_association_id": "",
            "map_public_ip_on_launch": false,
            "outpost_arn": "",
            "owner_id": "639716861848",
            "tags": {
              "Env": "QA",
              "Name": "Public Subnet A"
            },
            "timeouts": null,
            "vpc_id": "vpc-0ae129824673f5f2f"
          },
          "private": "eyJlMmJmYjczMC1lY2FhLTExZTYtOGY4OC0zNDM2M2JjN2M0YzAiOnsiY3JlYXRlIjo2MDAwMDAwMDAwMDAsImRlbGV0ZSI6MTIwMDAwMDAwMDAwMH0sInNjaGVtYV92ZXJzaW9uIjoiMSJ9",
          "dependencies": [
            "aws_internet_gateway.IGW",
            "aws_vpc.stage_qa",
            "data.aws_availability_zones.available"
          ]
        }
      ]
    },
    {
      "mode": "managed",
      "type": "aws_subnet",
      "name": "PublicSubnetB",
      "provider": "provider[\"registry.terraform.io/hashicorp/aws\"]",
      "instances": [
        {
          "schema_version": 1,
          "attributes": {
            "arn": "arn:aws:ec2:us-west-2:639716861848:subnet/subnet-04ba5c110d99f4673",
            "assign_ipv6_address_on_creation": false,
            "availability_zone": "us-west-2b",
            "availability_zone_id": "usw2-az2",
            "cidr_block": "10.30.1.0/24",
            "id": "subnet-04ba5c110d99f4673",
            "ipv6_cidr_block": "",
            "ipv6_cidr_block_association_id": "",
            "map_public_ip_on_launch": true,
            "outpost_arn": "",
            "owner_id": "639716861848",
            "tags": {
              "Env": "QA",
              "Name": "Public Subnet B",
              "kubernetes.io/cluster/qa_cluster": "shared"
            },
            "timeouts": null,
            "vpc_id": "vpc-0ae129824673f5f2f"
          },
          "private": "eyJlMmJmYjczMC1lY2FhLTExZTYtOGY4OC0zNDM2M2JjN2M0YzAiOnsiY3JlYXRlIjo2MDAwMDAwMDAwMDAsImRlbGV0ZSI6MTIwMDAwMDAwMDAwMH0sInNjaGVtYV92ZXJzaW9uIjoiMSJ9",
          "dependencies": [
            "aws_eks_cluster.qa_cluster",
            "aws_iam_role.qa_cluster_iam_role",
            "aws_iam_role_policy_attachment.qa_cluster-AmazonEKSClusterPolicy",
            "aws_internet_gateway.IGW",
            "aws_security_group.EKSCluster",
            "aws_subnet.PublicSubnetA",
            "aws_subnet.PublicSubnetC",
            "aws_vpc.stage_qa",
            "data.aws_availability_zones.available"
          ]
        }
      ]
    },
    {
      "mode": "managed",
      "type": "aws_subnet",
      "name": "PublicSubnetC",
      "provider": "provider[\"registry.terraform.io/hashicorp/aws\"]",
      "instances": [
        {
          "schema_version": 1,
          "attributes": {
            "arn": "arn:aws:ec2:us-west-2:639716861848:subnet/subnet-0449a447b5c9d2f7e",
            "assign_ipv6_address_on_creation": false,
            "availability_zone": "us-west-2c",
            "availability_zone_id": "usw2-az3",
            "cidr_block": "10.30.2.0/24",
            "id": "subnet-0449a447b5c9d2f7e",
            "ipv6_cidr_block": "",
            "ipv6_cidr_block_association_id": "",
            "map_public_ip_on_launch": false,
            "outpost_arn": "",
            "owner_id": "639716861848",
            "tags": {
              "Env": "QA",
              "Name": "Public Subnet C"
            },
            "timeouts": null,
            "vpc_id": "vpc-0ae129824673f5f2f"
          },
          "private": "eyJlMmJmYjczMC1lY2FhLTExZTYtOGY4OC0zNDM2M2JjN2M0YzAiOnsiY3JlYXRlIjo2MDAwMDAwMDAwMDAsImRlbGV0ZSI6MTIwMDAwMDAwMDAwMH0sInNjaGVtYV92ZXJzaW9uIjoiMSJ9",
          "dependencies": [
            "aws_internet_gateway.IGW",
            "aws_vpc.stage_qa",
            "data.aws_availability_zones.available"
          ]
        }
      ]
    },
    {
      "mode": "managed",
      "type": "aws_vpc",
      "name": "stage_qa",
      "provider": "provider[\"registry.terraform.io/hashicorp/aws\"]",
      "instances": [
        {
          "schema_version": 1,
          "attributes": {
            "arn": "arn:aws:ec2:us-west-2:639716861848:vpc/vpc-0ae129824673f5f2f",
            "assign_generated_ipv6_cidr_block": false,
            "cidr_block": "10.30.0.0/16",
            "default_network_acl_id": "acl-004c9c17c931fc4f5",
            "default_route_table_id": "rtb-03a8a82863f4580ea",
            "default_security_group_id": "sg-0993f4d8e44a560a6",
            "dhcp_options_id": "dopt-a3c55bc5",
            "enable_classiclink": false,
            "enable_classiclink_dns_support": false,
            "enable_dns_hostnames": false,
            "enable_dns_support": true,
            "id": "vpc-0ae129824673f5f2f",
            "instance_tenancy": "default",
            "ipv6_association_id": "",
            "ipv6_cidr_block": "",
            "main_route_table_id": "rtb-03a8a82863f4580ea",
            "owner_id": "639716861848",
            "tags": {
              "Env": "QA",
              "Name": "DIL VPC QA"
            }
          },
          "private": "eyJzY2hlbWFfdmVyc2lvbiI6IjEifQ=="
        }
      ]
    },
    {
      "mode": "managed",
      "type": "kubernetes_certificate_signing_request",
      "name": "cert_sign",
      "provider": "provider[\"registry.terraform.io/hashicorp/kubernetes\"]",
      "instances": [
        {
          "schema_version": 0,
          "attributes": {
            "auto_approve": true,
            "certificate": "-----BEGIN CERTIFICATE-----\nMIICRTCCAS2gAwIBAgIUP8VuqKOjACKNLArJ9HrjbIZgt2UwDQYJKoZIhvcNAQEL\nBQAwFTETMBEGA1UEAxMKa3ViZXJuZXRlczAeFw0yMDEyMjcxODQ0MDBaFw0yMTEy\nMjcxODQ0MDBaMCoxGDAWBgNVBAoTD2V4YW1wbGUgY2x1c3RlcjEOMAwGA1UEAxMF\nYWRtaW4wTjAQBgcqhkjOPQIBBgUrgQQAIQM6AASSG8S2+hQvfMq5ucngPCzK0m0C\nImigHcF787djpF2QDbz3oQ3QsM/I7ftdjB/HHlG2a5YpqjzT0KNOMEwwHQYDVR0l\nBBYwFAYIKwYBBQUHAwIGCCsGAQUFBwMBMAwGA1UdEwEB/wQCMAAwHQYDVR0OBBYE\nFFiPHOsDzRFrO61JWX+9UBa2jXluMA0GCSqGSIb3DQEBCwUAA4IBAQDXAVNwckQR\nDvF5eZMPBFqfJFX9XBrB4D8CsXAT7HK+cJom94Ctgc3lWsZDm4ATj/DTgkkS5JJB\nI4xuXhh3fM52VXyRyTlC9XUSef3CYf7feQi7qUkkgxbFo3tINjUhuw9IV/BOd4aS\nzyfiXdqdRVZXJfjZpxCEmQenSjwn2TDTgKa2VLDRRpNXFXAKLEHodv7+bm51MtW2\n3hb+izs29k5s78xroOpVLW4So67S46fscyT8qcXOddU6oyYw4q/VeXl0kA2qtKt/\nvGu4DdH1MB/zdBq6TKqXir+WQKRnn2Z4sHcV9TSeItmQ4OSy9RxqEf4b9qdtz+Nn\nrv01LPWxM7R0\n-----END CERTIFICATE-----\n",
            "id": "certificate-signing",
            "metadata": [
              {
                "annotations": {},
                "generate_name": "",
                "generation": 0,
                "labels": {},
                "name": "certificate-signing",
                "resource_version": "",
                "self_link": "",
                "uid": ""
              }
            ],
            "spec": [
              {
                "request": "-----BEGIN CERTIFICATE REQUEST-----\nMIHSMIGBAgEAMCoxGDAWBgNVBAoTD2V4YW1wbGUgY2x1c3RlcjEOMAwGA1UEAxMF\nYWRtaW4wTjAQBgcqhkjOPQIBBgUrgQQAIQM6AASSG8S2+hQvfMq5ucngPCzK0m0C\nImigHcF787djpF2QDbz3oQ3QsM/I7ftdjB/HHlG2a5YpqjzT0KAAMAoGCCqGSM49\nBAMCA0AAMD0CHQDErNLjX86BVfOsYh/A4zmjmGknZpc2u6/coTHqAhxcR41hEU1I\nDpNPvh30e0Js8/DYn2YUfu/pQU19\n-----END CERTIFICATE REQUEST-----\n",
                "signer_name": "",
                "usages": [
                  "client auth",
                  "server auth"
                ]
              }
            ],
            "timeouts": null
          },
          "private": "eyJlMmJmYjczMC1lY2FhLTExZTYtOGY4OC0zNDM2M2JjN2M0YzAiOnsiY3JlYXRlIjozMDAwMDAwMDAwMDB9fQ==",
          "dependencies": [
            "aws_eks_cluster.qa_cluster",
            "aws_eks_node_group.qa_cluster_node",
            "aws_iam_role.qa_cluster_iam_eks-node-group",
            "aws_iam_role.qa_cluster_iam_role",
            "aws_iam_role_policy_attachment.qa_cluster-AmazonEC2ContainerRegistryReadOnly",
            "aws_iam_role_policy_attachment.qa_cluster-AmazonEKSClusterPolicy",
            "aws_iam_role_policy_attachment.qa_cluster-AmazonEKSWorkerNodePolicy",
            "aws_iam_role_policy_attachment.qa_cluster-AmazonEKS_CNI_Policy",
            "aws_internet_gateway.IGW",
            "aws_security_group.EKSCluster",
            "aws_subnet.PublicSubnetA",
            "aws_subnet.PublicSubnetB",
            "aws_subnet.PublicSubnetC",
            "aws_vpc.stage_qa",
            "data.aws_availability_zones.available",
            "data.aws_eks_cluster_auth.qa_cluster_auth"
          ]
        }
      ]
    },
    {
      "mode": "managed",
      "type": "kubernetes_deployment",
      "name": "jenkins",
      "provider": "provider[\"registry.terraform.io/hashicorp/kubernetes\"]",
      "instances": [
        {
          "schema_version": 0,
          "attributes": {
            "id": "jenkins/jenkins-deploy",
            "metadata": [
              {
                "annotations": {},
                "generate_name": "",
                "generation": 1,
                "labels": {
                  "run": "jenkins"
                },
                "name": "jenkins-deploy",
                "namespace": "jenkins",
                "resource_version": "12380",
                "self_link": "/apis/apps/v1/namespaces/jenkins/deployments/jenkins-deploy",
                "uid": "8331c5d9-4a93-4f81-902b-44dfc6d2dff8"
              }
            ],
            "spec": [
              {
                "min_ready_seconds": 0,
                "paused": false,
                "progress_deadline_seconds": 600,
                "replicas": 1,
                "revision_history_limit": 10,
                "selector": [
                  {
                    "match_expressions": [],
                    "match_labels": {
                      "run": "jenkins"
                    }
                  }
                ],
                "strategy": [
                  {
                    "rolling_update": [
                      {
                        "max_surge": "25%",
                        "max_unavailable": "25%"
                      }
                    ],
                    "type": "RollingUpdate"
                  }
                ],
                "template": [
                  {
                    "metadata": [
                      {
                        "annotations": {},
                        "generate_name": "",
                        "generation": 0,
                        "labels": {
                          "run": "jenkins"
                        },
                        "name": "",
                        "namespace": "jenkins",
                        "resource_version": "",
                        "self_link": "",
                        "uid": ""
                      }
                    ],
                    "spec": [
                      {
                        "active_deadline_seconds": 0,
                        "affinity": [],
                        "automount_service_account_token": false,
                        "container": [
                          {
                            "args": [],
                            "command": [],
                            "env": [],
                            "env_from": [],
                            "image": "jenkins/jenkins:lts",
                            "image_pull_policy": "Always",
                            "lifecycle": [],
                            "liveness_probe": [],
                            "name": "jenkins",
                            "port": [
                              {
                                "container_port": 8080,
                                "host_ip": "",
                                "host_port": 0,
                                "name": "",
                                "protocol": "TCP"
                              }
                            ],
                            "readiness_probe": [],
                            "resources": [
                              {
                                "limits": [],
                                "requests": []
                              }
                            ],
                            "security_context": [],
                            "startup_probe": [],
                            "stdin": false,
                            "stdin_once": false,
                            "termination_message_path": "/dev/termination-log",
                            "termination_message_policy": "File",
                            "tty": false,
                            "volume_mount": [
                              {
                                "mount_path": "/var/jenkins_home",
                                "mount_propagation": "None",
                                "name": "jenkins-home",
                                "read_only": false,
                                "sub_path": ""
                              }
                            ],
                            "working_dir": ""
                          }
                        ],
                        "dns_config": [],
                        "dns_policy": "ClusterFirst",
                        "enable_service_links": true,
                        "host_aliases": [],
                        "host_ipc": false,
                        "host_network": false,
                        "host_pid": false,
                        "hostname": "",
                        "image_pull_secrets": [],
                        "init_container": [],
                        "node_name": "",
                        "node_selector": {},
                        "priority_class_name": "",
                        "readiness_gate": [],
                        "restart_policy": "Always",
                        "security_context": [],
                        "service_account_name": "",
                        "share_process_namespace": false,
                        "subdomain": "",
                        "termination_grace_period_seconds": 30,
                        "toleration": [],
                        "volume": [
                          {
                            "aws_elastic_block_store": [],
                            "azure_disk": [],
                            "azure_file": [],
                            "ceph_fs": [],
                            "cinder": [],
                            "config_map": [],
                            "csi": [],
                            "downward_api": [],
                            "empty_dir": [
                              {
                                "medium": "",
                                "size_limit": ""
                              }
                            ],
                            "fc": [],
                            "flex_volume": [],
                            "flocker": [],
                            "gce_persistent_disk": [],
                            "git_repo": [],
                            "glusterfs": [],
                            "host_path": [],
                            "iscsi": [],
                            "local": [],
                            "name": "jenkins-home",
                            "nfs": [],
                            "persistent_volume_claim": [],
                            "photon_persistent_disk": [],
                            "projected": [],
                            "quobyte": [],
                            "rbd": [],
                            "secret": [],
                            "vsphere_volume": []
                          }
                        ]
                      }
                    ]
                  }
                ]
              }
            ],
            "timeouts": null,
            "wait_for_rollout": true
          },
          "private": "eyJlMmJmYjczMC1lY2FhLTExZTYtOGY4OC0zNDM2M2JjN2M0YzAiOnsiY3JlYXRlIjo2MDAwMDAwMDAwMDAsImRlbGV0ZSI6NjAwMDAwMDAwMDAwLCJ1cGRhdGUiOjYwMDAwMDAwMDAwMH19",
          "dependencies": [
            "aws_eks_cluster.qa_cluster",
            "aws_eks_node_group.qa_cluster_node",
            "aws_iam_role.qa_cluster_iam_eks-node-group",
            "aws_iam_role_policy_attachment.qa_cluster-AmazonEC2ContainerRegistryReadOnly",
            "aws_iam_role_policy_attachment.qa_cluster-AmazonEKSWorkerNodePolicy",
            "aws_iam_role_policy_attachment.qa_cluster-AmazonEKS_CNI_Policy",
            "aws_subnet.PublicSubnetB",
            "data.aws_eks_cluster_auth.qa_cluster_auth",
            "kubernetes_namespace.jenkins_ns"
          ]
        }
      ]
    },
    {
      "mode": "managed",
      "type": "kubernetes_namespace",
      "name": "jenkins_ns",
      "provider": "provider[\"registry.terraform.io/hashicorp/kubernetes\"]",
      "instances": [
        {
          "schema_version": 0,
          "attributes": {
            "id": "jenkins",
            "metadata": [
              {
                "annotations": {},
                "generate_name": "",
                "generation": 0,
                "labels": {
                  "run": "jenkins"
                },
                "name": "jenkins",
                "resource_version": "3752",
                "self_link": "/api/v1/namespaces/jenkins",
                "uid": "05dd700f-2cc4-4fdc-bf78-469c2bc55eeb"
              }
            ],
            "timeouts": null
          },
          "private": "eyJlMmJmYjczMC1lY2FhLTExZTYtOGY4OC0zNDM2M2JjN2M0YzAiOnsiZGVsZXRlIjozMDAwMDAwMDAwMDB9fQ==",
          "dependencies": [
            "aws_eks_cluster.qa_cluster",
            "data.aws_eks_cluster_auth.qa_cluster_auth"
          ]
        }
      ]
    },
    {
      "mode": "managed",
      "type": "kubernetes_pod",
      "name": "jenkins_agent",
      "provider": "provider[\"registry.terraform.io/hashicorp/kubernetes\"]",
      "instances": [
        {
          "schema_version": 0,
          "attributes": {
            "id": "jenkins/jenkins-agent",
            "metadata": [
              {
                "annotations": {},
                "generate_name": "",
                "generation": 0,
                "labels": {
                  "run": "jenkins-agent"
                },
                "name": "jenkins-agent",
                "namespace": "jenkins",
                "resource_version": "122174",
                "self_link": "/api/v1/namespaces/jenkins/pods/jenkins-agent",
                "uid": "a4d8ec1a-aa5a-4bbb-bec6-78835cab095a"
              }
            ],
            "spec": [
              {
                "active_deadline_seconds": 0,
                "affinity": [],
                "automount_service_account_token": false,
                "container": [
                  {
                    "args": [],
                    "command": [],
                    "env": [],
                    "env_from": [],
                    "image": "joao29a/jnlp-slave-alpine-docker:latest",
                    "image_pull_policy": "Always",
                    "lifecycle": [],
                    "liveness_probe": [],
                    "name": "jenkins-slave",
                    "port": [
                      {
                        "container_port": 50000,
                        "host_ip": "",
                        "host_port": 0,
                        "name": "",
                        "protocol": "TCP"
                      }
                    ],
                    "readiness_probe": [],
                    "resources": [
                      {
                        "limits": [
                          {
                            "cpu": "500m",
                            "memory": "512Mi"
                          }
                        ],
                        "requests": [
                          {
                            "cpu": "200m",
                            "memory": "256Mi"
                          }
                        ]
                      }
                    ],
                    "security_context": [],
                    "startup_probe": [],
                    "stdin": false,
                    "stdin_once": false,
                    "termination_message_path": "/dev/termination-log",
                    "termination_message_policy": "File",
                    "tty": false,
                    "volume_mount": [
                      {
                        "mount_path": "/var/run/docker.sock",
                        "mount_propagation": "None",
                        "name": "docker-sock",
                        "read_only": false,
                        "sub_path": ""
                      }
                    ],
                    "working_dir": ""
                  }
                ],
                "dns_config": [],
                "dns_policy": "ClusterFirst",
                "enable_service_links": true,
                "host_aliases": [],
                "host_ipc": false,
                "host_network": false,
                "host_pid": false,
                "hostname": "",
                "image_pull_secrets": [],
                "init_container": [],
                "node_name": "ip-10-30-1-48.us-west-2.compute.internal",
                "node_selector": {},
                "priority_class_name": "",
                "readiness_gate": [],
                "restart_policy": "Always",
                "security_context": [],
                "service_account_name": "default",
                "share_process_namespace": false,
                "subdomain": "",
                "termination_grace_period_seconds": 30,
                "toleration": [],
                "volume": [
                  {
                    "aws_elastic_block_store": [],
                    "azure_disk": [],
                    "azure_file": [],
                    "ceph_fs": [],
                    "cinder": [],
                    "config_map": [],
                    "csi": [],
                    "downward_api": [],
                    "empty_dir": [],
                    "fc": [],
                    "flex_volume": [],
                    "flocker": [],
                    "gce_persistent_disk": [],
                    "git_repo": [],
                    "glusterfs": [],
                    "host_path": [
                      {
                        "path": "/var/run/docker.sock",
                        "type": "Socket"
                      }
                    ],
                    "iscsi": [],
                    "local": [],
                    "name": "docker-sock",
                    "nfs": [],
                    "persistent_volume_claim": [],
                    "photon_persistent_disk": [],
                    "projected": [],
                    "quobyte": [],
                    "rbd": [],
                    "secret": [],
                    "vsphere_volume": []
                  }
                ]
              }
            ],
            "timeouts": null
          },
          "private": "eyJlMmJmYjczMC1lY2FhLTExZTYtOGY4OC0zNDM2M2JjN2M0YzAiOnsiY3JlYXRlIjozMDAwMDAwMDAwMDAsImRlbGV0ZSI6MzAwMDAwMDAwMDAwfX0=",
          "dependencies": [
            "aws_eks_cluster.qa_cluster",
            "aws_eks_node_group.qa_cluster_node",
            "data.aws_eks_cluster_auth.qa_cluster_auth",
            "kubernetes_namespace.jenkins_ns"
          ]
        }
      ]
    },
    {
      "mode": "managed",
      "type": "kubernetes_service",
      "name": "jenkins_agent_svc",
      "provider": "provider[\"registry.terraform.io/hashicorp/kubernetes\"]",
      "instances": [
        {
          "schema_version": 0,
          "attributes": {
            "id": "jenkins/jenkins-agent",
            "load_balancer_ingress": [],
            "metadata": [
              {
                "annotations": {},
                "generate_name": "",
                "generation": 0,
                "labels": {
                  "run": "jenkins-agent"
                },
                "name": "jenkins-agent",
                "namespace": "jenkins",
                "resource_version": "32738",
                "self_link": "/api/v1/namespaces/jenkins/services/jenkins-agent",
                "uid": "23417192-39ee-40be-be46-18d09a45d955"
              }
            ],
            "spec": [
              {
                "cluster_ip": "172.20.82.227",
                "external_ips": [],
                "external_name": "",
                "external_traffic_policy": "",
                "health_check_node_port": 0,
                "load_balancer_ip": "",
                "load_balancer_source_ranges": [],
                "port": [
                  {
                    "name": "",
                    "node_port": 0,
                    "port": 50000,
                    "protocol": "TCP",
                    "target_port": "50000"
                  }
                ],
                "publish_not_ready_addresses": false,
                "selector": {
                  "run": "jenkins-agent"
                },
                "session_affinity": "None",
                "type": "ClusterIP"
              }
            ],
            "timeouts": null
          },
          "private": "eyJlMmJmYjczMC1lY2FhLTExZTYtOGY4OC0zNDM2M2JjN2M0YzAiOnsiY3JlYXRlIjo2MDAwMDAwMDAwMDB9fQ==",
          "dependencies": [
            "aws_eks_cluster.qa_cluster",
            "aws_eks_node_group.qa_cluster_node",
            "data.aws_eks_cluster_auth.qa_cluster_auth",
            "kubernetes_namespace.jenkins_ns"
          ]
        }
      ]
    },
    {
      "mode": "managed",
      "type": "kubernetes_service",
      "name": "jenkins_svc",
      "provider": "provider[\"registry.terraform.io/hashicorp/kubernetes\"]",
      "instances": [
        {
          "schema_version": 0,
          "attributes": {
            "id": "jenkins/jenkins-service",
            "load_balancer_ingress": [],
            "metadata": [
              {
                "annotations": {},
                "generate_name": "",
                "generation": 0,
                "labels": {
                  "run": "jenkins"
                },
                "name": "jenkins-service",
                "namespace": "jenkins",
                "resource_version": "12298",
                "self_link": "/api/v1/namespaces/jenkins/services/jenkins-service",
                "uid": "b49639b6-c6c0-4c05-ab7c-e8928bd48c5e"
              }
            ],
            "spec": [
              {
                "cluster_ip": "172.20.83.175",
                "external_ips": [],
                "external_name": "",
                "external_traffic_policy": "Cluster",
                "health_check_node_port": 0,
                "load_balancer_ip": "",
                "load_balancer_source_ranges": [],
                "port": [
                  {
                    "name": "",
                    "node_port": 32300,
                    "port": 8080,
                    "protocol": "TCP",
                    "target_port": "8080"
                  }
                ],
                "publish_not_ready_addresses": false,
                "selector": {
                  "run": "jenkins"
                },
                "session_affinity": "None",
                "type": "NodePort"
              }
            ],
            "timeouts": null
          },
          "private": "eyJlMmJmYjczMC1lY2FhLTExZTYtOGY4OC0zNDM2M2JjN2M0YzAiOnsiY3JlYXRlIjo2MDAwMDAwMDAwMDB9fQ==",
          "dependencies": [
            "aws_eks_cluster.qa_cluster",
            "aws_eks_node_group.qa_cluster_node",
            "aws_iam_role.qa_cluster_iam_eks-node-group",
            "aws_iam_role_policy_attachment.qa_cluster-AmazonEC2ContainerRegistryReadOnly",
            "aws_iam_role_policy_attachment.qa_cluster-AmazonEKSWorkerNodePolicy",
            "aws_iam_role_policy_attachment.qa_cluster-AmazonEKS_CNI_Policy",
            "aws_subnet.PublicSubnetB",
            "data.aws_eks_cluster_auth.qa_cluster_auth",
            "kubernetes_namespace.jenkins_ns"
          ]
        }
      ]
    },
    {
      "mode": "managed",
      "type": "kubernetes_service",
      "name": "local_repo_svc",
      "provider": "provider[\"registry.terraform.io/hashicorp/kubernetes\"]",
      "instances": [
        {
          "schema_version": 0,
          "attributes": {
            "id": "default/local-registry-svc",
            "load_balancer_ingress": [],
            "metadata": [
              {
                "annotations": {},
                "generate_name": "",
                "generation": 0,
                "labels": {},
                "name": "local-registry-svc",
                "namespace": "default",
                "resource_version": "3758",
                "self_link": "/api/v1/namespaces/default/services/local-registry-svc",
                "uid": "2d0203b7-b099-489d-a918-12ddc31974f7"
              }
            ],
            "spec": [
              {
                "cluster_ip": "172.20.204.102",
                "external_ips": [],
                "external_name": "",
                "external_traffic_policy": "",
                "health_check_node_port": 0,
                "load_balancer_ip": "",
                "load_balancer_source_ranges": [],
                "port": [
                  {
                    "name": "",
                    "node_port": 0,
                    "port": 5000,
                    "protocol": "TCP",
                    "target_port": "5000"
                  }
                ],
                "publish_not_ready_addresses": false,
                "selector": {
                  "k8s-app": "local-registry"
                },
                "session_affinity": "None",
                "type": "ClusterIP"
              }
            ],
            "timeouts": null
          },
          "private": "eyJlMmJmYjczMC1lY2FhLTExZTYtOGY4OC0zNDM2M2JjN2M0YzAiOnsiY3JlYXRlIjo2MDAwMDAwMDAwMDB9fQ==",
          "dependencies": [
            "aws_eks_cluster.qa_cluster",
            "data.aws_eks_cluster_auth.qa_cluster_auth"
          ]
        }
      ]
    },
    {
      "mode": "managed",
      "type": "kubernetes_service",
      "name": "prometheus_svc",
      "provider": "provider[\"registry.terraform.io/hashicorp/kubernetes\"]",
      "instances": [
        {
          "schema_version": 0,
          "attributes": {
            "id": "default/prometheus-svc",
            "load_balancer_ingress": [],
            "metadata": [
              {
                "annotations": {},
                "generate_name": "",
                "generation": 0,
                "labels": {},
                "name": "prometheus-svc",
                "namespace": "default",
                "resource_version": "3791",
                "self_link": "/api/v1/namespaces/default/services/prometheus-svc",
                "uid": "7a233b03-9826-4998-acc5-d6c0c07f8ce4"
              }
            ],
            "spec": [
              {
                "cluster_ip": "172.20.90.48",
                "external_ips": [],
                "external_name": "",
                "external_traffic_policy": "Cluster",
                "health_check_node_port": 0,
                "load_balancer_ip": "",
                "load_balancer_source_ranges": [],
                "port": [
                  {
                    "name": "",
                    "node_port": 32090,
                    "port": 9090,
                    "protocol": "TCP",
                    "target_port": "9090"
                  }
                ],
                "publish_not_ready_addresses": false,
                "selector": {
                  "k8s-app": "prometheus"
                },
                "session_affinity": "None",
                "type": "NodePort"
              }
            ],
            "timeouts": null
          },
          "private": "eyJlMmJmYjczMC1lY2FhLTExZTYtOGY4OC0zNDM2M2JjN2M0YzAiOnsiY3JlYXRlIjo2MDAwMDAwMDAwMDB9fQ==",
          "dependencies": [
            "aws_eks_cluster.qa_cluster",
            "data.aws_eks_cluster_auth.qa_cluster_auth",
            "kubernetes_stateful_set.prometheus"
          ]
        }
      ]
    },
    {
      "mode": "managed",
      "type": "kubernetes_stateful_set",
      "name": "local_repo",
      "provider": "provider[\"registry.terraform.io/hashicorp/kubernetes\"]",
      "instances": [
        {
          "schema_version": 0,
          "attributes": {
            "id": "default/local-registry",
            "metadata": [
              {
                "annotations": {},
                "generate_name": "",
                "generation": 2,
                "labels": {
                  "k8s-app": "local-registry",
                  "kubernetes.io/cluster-service": "true"
                },
                "name": "local-registry",
                "namespace": "default",
                "resource_version": "12133",
                "self_link": "/apis/apps/v1/namespaces/default/statefulsets/local-registry",
                "uid": "24db6c3c-a071-4d8d-afa9-f7c19c8f318d"
              }
            ],
            "spec": [
              {
                "pod_management_policy": "Parallel",
                "replicas": 1,
                "revision_history_limit": 5,
                "selector": [
                  {
                    "match_expressions": [],
                    "match_labels": {
                      "k8s-app": "local-registry"
                    }
                  }
                ],
                "service_name": "local-registry",
                "template": [
                  {
                    "metadata": [
                      {
                        "annotations": {},
                        "generate_name": "",
                        "generation": 0,
                        "labels": {
                          "k8s-app": "local-registry"
                        },
                        "name": "",
                        "resource_version": "",
                        "self_link": "",
                        "uid": ""
                      }
                    ],
                    "spec": [
                      {
                        "active_deadline_seconds": 0,
                        "affinity": [],
                        "automount_service_account_token": false,
                        "container": [
                          {
                            "args": [],
                            "command": [],
                            "env": [],
                            "env_from": [],
                            "image": "registry:2",
                            "image_pull_policy": "IfNotPresent",
                            "lifecycle": [],
                            "liveness_probe": [],
                            "name": "local-registry",
                            "port": [
                              {
                                "container_port": 5000,
                                "host_ip": "",
                                "host_port": 0,
                                "name": "",
                                "protocol": "TCP"
                              }
                            ],
                            "readiness_probe": [],
                            "resources": [
                              {
                                "limits": [],
                                "requests": []
                              }
                            ],
                            "security_context": [],
                            "startup_probe": [],
                            "stdin": false,
                            "stdin_once": false,
                            "termination_message_path": "/dev/termination-log",
                            "termination_message_policy": "File",
                            "tty": false,
                            "volume_mount": [],
                            "working_dir": ""
                          }
                        ],
                        "dns_config": [],
                        "dns_policy": "ClusterFirst",
                        "enable_service_links": true,
                        "host_aliases": [],
                        "host_ipc": false,
                        "host_network": false,
                        "host_pid": false,
                        "hostname": "",
                        "image_pull_secrets": [],
                        "init_container": [],
                        "node_name": "",
                        "node_selector": {},
                        "priority_class_name": "",
                        "readiness_gate": [],
                        "restart_policy": "Always",
                        "security_context": [],
                        "service_account_name": "",
                        "share_process_namespace": false,
                        "subdomain": "",
                        "termination_grace_period_seconds": 30,
                        "toleration": [],
                        "volume": []
                      }
                    ]
                  }
                ],
                "update_strategy": [
                  {
                    "rolling_update": [],
                    "type": "RollingUpdate"
                  }
                ],
                "volume_claim_template": []
              }
            ],
            "wait_for_rollout": false
          },
          "private": "bnVsbA==",
          "dependencies": [
            "aws_eks_cluster.qa_cluster",
            "data.aws_eks_cluster_auth.qa_cluster_auth"
          ]
        }
      ]
    },
    {
      "mode": "managed",
      "type": "kubernetes_stateful_set",
      "name": "prometheus",
      "provider": "provider[\"registry.terraform.io/hashicorp/kubernetes\"]",
      "instances": [
        {
          "schema_version": 0,
          "attributes": {
            "id": "default/prometheus",
            "metadata": [
              {
                "annotations": {},
                "generate_name": "",
                "generation": 1,
                "labels": {
                  "addonmanager.kubernetes.io/mode": "Reconcile",
                  "k8s-app": "prometheus",
                  "kubernetes.io/cluster-service": "true",
                  "version": "v2.2.1"
                },
                "name": "prometheus",
                "namespace": "default",
                "resource_version": "3755",
                "self_link": "/apis/apps/v1/namespaces/default/statefulsets/prometheus",
                "uid": "36df3b14-f83a-47c8-b482-4463edd9b7f6"
              }
            ],
            "spec": [
              {
                "pod_management_policy": "Parallel",
                "replicas": 1,
                "revision_history_limit": 5,
                "selector": [
                  {
                    "match_expressions": [],
                    "match_labels": {
                      "k8s-app": "prometheus"
                    }
                  }
                ],
                "service_name": "prometheus",
                "template": [
                  {
                    "metadata": [
                      {
                        "annotations": {},
                        "generate_name": "",
                        "generation": 0,
                        "labels": {
                          "k8s-app": "prometheus"
                        },
                        "name": "",
                        "resource_version": "",
                        "self_link": "",
                        "uid": ""
                      }
                    ],
                    "spec": [
                      {
                        "active_deadline_seconds": 0,
                        "affinity": [],
                        "automount_service_account_token": false,
                        "container": [
                          {
                            "args": [
                              "--volume-dir=/etc/config",
                              "--webhook-url=http://localhost:9090/-/reload"
                            ],
                            "command": [],
                            "env": [],
                            "env_from": [],
                            "image": "jimmidyson/configmap-reload:v0.1",
                            "image_pull_policy": "IfNotPresent",
                            "lifecycle": [],
                            "liveness_probe": [],
                            "name": "prometheus-server-configmap-reload",
                            "port": [],
                            "readiness_probe": [],
                            "resources": [
                              {
                                "limits": [
                                  {
                                    "cpu": "10m",
                                    "memory": "10Mi"
                                  }
                                ],
                                "requests": [
                                  {
                                    "cpu": "10m",
                                    "memory": "10Mi"
                                  }
                                ]
                              }
                            ],
                            "security_context": [],
                            "startup_probe": [],
                            "stdin": false,
                            "stdin_once": false,
                            "termination_message_path": "/dev/termination-log",
                            "termination_message_policy": "File",
                            "tty": false,
                            "volume_mount": [
                              {
                                "mount_path": "/etc/config",
                                "mount_propagation": "None",
                                "name": "config-volume",
                                "read_only": true,
                                "sub_path": ""
                              }
                            ],
                            "working_dir": ""
                          },
                          {
                            "args": [
                              "--config.file=/etc/config/prometheus.yml",
                              "--storage.tsdb.path=/data",
                              "--web.console.libraries=/etc/prometheus/console_libraries",
                              "--web.console.templates=/etc/prometheus/consoles",
                              "--web.enable-lifecycle"
                            ],
                            "command": [],
                            "env": [],
                            "env_from": [],
                            "image": "prom/prometheus:v2.2.1",
                            "image_pull_policy": "IfNotPresent",
                            "lifecycle": [],
                            "liveness_probe": [
                              {
                                "exec": [],
                                "failure_threshold": 3,
                                "http_get": [
                                  {
                                    "host": "",
                                    "http_header": [],
                                    "path": "/-/healthy",
                                    "port": "9090",
                                    "scheme": "HTTPS"
                                  }
                                ],
                                "initial_delay_seconds": 30,
                                "period_seconds": 10,
                                "success_threshold": 1,
                                "tcp_socket": [],
                                "timeout_seconds": 30
                              }
                            ],
                            "name": "prometheus-server",
                            "port": [
                              {
                                "container_port": 9090,
                                "host_ip": "",
                                "host_port": 0,
                                "name": "",
                                "protocol": "TCP"
                              }
                            ],
                            "readiness_probe": [
                              {
                                "exec": [],
                                "failure_threshold": 3,
                                "http_get": [
                                  {
                                    "host": "",
                                    "http_header": [],
                                    "path": "/-/ready",
                                    "port": "9090",
                                    "scheme": "HTTP"
                                  }
                                ],
                                "initial_delay_seconds": 30,
                                "period_seconds": 10,
                                "success_threshold": 1,
                                "tcp_socket": [],
                                "timeout_seconds": 30
                              }
                            ],
                            "resources": [
                              {
                                "limits": [
                                  {
                                    "cpu": "200m",
                                    "memory": "1000Mi"
                                  }
                                ],
                                "requests": [
                                  {
                                    "cpu": "200m",
                                    "memory": "1000Mi"
                                  }
                                ]
                              }
                            ],
                            "security_context": [],
                            "startup_probe": [],
                            "stdin": false,
                            "stdin_once": false,
                            "termination_message_path": "/dev/termination-log",
                            "termination_message_policy": "File",
                            "tty": false,
                            "volume_mount": [
                              {
                                "mount_path": "/etc/config",
                                "mount_propagation": "None",
                                "name": "config-volume",
                                "read_only": false,
                                "sub_path": ""
                              },
                              {
                                "mount_path": "/data",
                                "mount_propagation": "None",
                                "name": "prometheus-data",
                                "read_only": false,
                                "sub_path": ""
                              }
                            ],
                            "working_dir": ""
                          }
                        ],
                        "dns_config": [],
                        "dns_policy": "ClusterFirst",
                        "enable_service_links": true,
                        "host_aliases": [],
                        "host_ipc": false,
                        "host_network": false,
                        "host_pid": false,
                        "hostname": "",
                        "image_pull_secrets": [],
                        "init_container": [
                          {
                            "args": [],
                            "command": [
                              "chown",
                              "-R",
                              "65534:65534",
                              "/data"
                            ],
                            "env": [],
                            "env_from": [],
                            "image": "busybox:latest",
                            "image_pull_policy": "IfNotPresent",
                            "lifecycle": [],
                            "liveness_probe": [],
                            "name": "init-chown-data",
                            "port": [],
                            "readiness_probe": [],
                            "resources": [
                              {
                                "limits": [],
                                "requests": []
                              }
                            ],
                            "security_context": [],
                            "startup_probe": [],
                            "stdin": false,
                            "stdin_once": false,
                            "termination_message_path": "/dev/termination-log",
                            "termination_message_policy": "File",
                            "tty": false,
                            "volume_mount": [
                              {
                                "mount_path": "/data",
                                "mount_propagation": "None",
                                "name": "prometheus-data",
                                "read_only": false,
                                "sub_path": ""
                              }
                            ],
                            "working_dir": ""
                          }
                        ],
                        "node_name": "",
                        "node_selector": {},
                        "priority_class_name": "",
                        "readiness_gate": [],
                        "restart_policy": "Always",
                        "security_context": [],
                        "service_account_name": "prometheus",
                        "share_process_namespace": false,
                        "subdomain": "",
                        "termination_grace_period_seconds": 300,
                        "toleration": [],
                        "volume": [
                          {
                            "aws_elastic_block_store": [],
                            "azure_disk": [],
                            "azure_file": [],
                            "ceph_fs": [],
                            "cinder": [],
                            "config_map": [
                              {
                                "default_mode": "0644",
                                "items": [],
                                "name": "prometheus-config",
                                "optional": false
                              }
                            ],
                            "csi": [],
                            "downward_api": [],
                            "empty_dir": [],
                            "fc": [],
                            "flex_volume": [],
                            "flocker": [],
                            "gce_persistent_disk": [],
                            "git_repo": [],
                            "glusterfs": [],
                            "host_path": [],
                            "iscsi": [],
                            "local": [],
                            "name": "config-volume",
                            "nfs": [],
                            "persistent_volume_claim": [],
                            "photon_persistent_disk": [],
                            "projected": [],
                            "quobyte": [],
                            "rbd": [],
                            "secret": [],
                            "vsphere_volume": []
                          }
                        ]
                      }
                    ]
                  }
                ],
                "update_strategy": [
                  {
                    "rolling_update": [
                      {
                        "partition": 1
                      }
                    ],
                    "type": "RollingUpdate"
                  }
                ],
                "volume_claim_template": [
                  {
                    "metadata": [
                      {
                        "annotations": {},
                        "generate_name": "",
                        "generation": 0,
                        "labels": {},
                        "name": "prometheus-data",
                        "namespace": "default",
                        "resource_version": "",
                        "self_link": "",
                        "uid": ""
                      }
                    ],
                    "spec": [
                      {
                        "access_modes": [
                          "ReadWriteOnce"
                        ],
                        "resources": [
                          {
                            "limits": {},
                            "requests": {
                              "storage": "16Gi"
                            }
                          }
                        ],
                        "selector": [],
                        "storage_class_name": "standard",
                        "volume_name": ""
                      }
                    ]
                  }
                ]
              }
            ],
            "wait_for_rollout": false
          },
          "private": "bnVsbA==",
          "dependencies": [
            "aws_eks_cluster.qa_cluster",
            "data.aws_eks_cluster_auth.qa_cluster_auth"
          ]
        }
      ]
    }
  ]
}
